// !$*UTF8*$!
{
	archiveVersion = 1;
	classes = {
	};
	objectVersion = 46;
	objects = {

/* Begin PBXBuildFile section */
		4C16DAF176094212901A9774 /* libPods.a in Frameworks */ = {isa = PBXBuildFile; fileRef = CEBC1E0B2D464F46B1704D16 /* libPods.a */; };
		9E0C714E17CD4A8300098B17 /* Item.m in Sources */ = {isa = PBXBuildFile; fileRef = 9E0C714D17CD4A8300098B17 /* Item.m */; };
		9E0C715417CD4D5700098B17 /* ItemListViewController.m in Sources */ = {isa = PBXBuildFile; fileRef = 9E0C715317CD4D5700098B17 /* ItemListViewController.m */; };
		9E0C715817CDA08200098B17 /* AddItemViewController.m in Sources */ = {isa = PBXBuildFile; fileRef = 9E0C715617CDA08200098B17 /* AddItemViewController.m */; };
		9E0C715917CDA08200098B17 /* AddItemViewController.xib in Resources */ = {isa = PBXBuildFile; fileRef = 9E0C715717CDA08200098B17 /* AddItemViewController.xib */; };
		9E12309117D12E6700D96ABC /* Icon@2x.png in Resources */ = {isa = PBXBuildFile; fileRef = 9E12309017D12E6700D96ABC /* Icon@2x.png */; };
		9E15B7B717CFB3C90025AD8A /* CustomTableViewCell.m in Sources */ = {isa = PBXBuildFile; fileRef = 9E15B7B617CFB3C90025AD8A /* CustomTableViewCell.m */; };
		9E15B7B917CFB3FE0025AD8A /* CustomTableViewCell.xib in Resources */ = {isa = PBXBuildFile; fileRef = 9E15B7B817CFB3FE0025AD8A /* CustomTableViewCell.xib */; };
		9E15B7C117CFC1200025AD8A /* EditItemViewController.m in Sources */ = {isa = PBXBuildFile; fileRef = 9E15B7C017CFC1200025AD8A /* EditItemViewController.m */; };
		9E15B7C317CFC1420025AD8A /* EditItemViewController.xib in Resources */ = {isa = PBXBuildFile; fileRef = 9E15B7C217CFC1420025AD8A /* EditItemViewController.xib */; };
		9EBD66BD17C93B04002F41F7 /* UIKit.framework in Frameworks */ = {isa = PBXBuildFile; fileRef = 9EBD66BC17C93B04002F41F7 /* UIKit.framework */; };
		9EBD66BF17C93B04002F41F7 /* Foundation.framework in Frameworks */ = {isa = PBXBuildFile; fileRef = 9EBD66BE17C93B04002F41F7 /* Foundation.framework */; };
		9EBD66C117C93B04002F41F7 /* CoreGraphics.framework in Frameworks */ = {isa = PBXBuildFile; fileRef = 9EBD66C017C93B04002F41F7 /* CoreGraphics.framework */; };
		9EBD66C917C93B04002F41F7 /* main.m in Sources */ = {isa = PBXBuildFile; fileRef = 9EBD66C817C93B04002F41F7 /* main.m */; };
		9EBD66CD17C93B04002F41F7 /* AppDelegate.m in Sources */ = {isa = PBXBuildFile; fileRef = 9EBD66CC17C93B04002F41F7 /* AppDelegate.m */; };
		9EBD66CF17C93B04002F41F7 /* Default.png in Resources */ = {isa = PBXBuildFile; fileRef = 9EBD66CE17C93B04002F41F7 /* Default.png */; };
		9EBD66D117C93B04002F41F7 /* Default@2x.png in Resources */ = {isa = PBXBuildFile; fileRef = 9EBD66D017C93B04002F41F7 /* Default@2x.png */; };
		9EBD66D317C93B04002F41F7 /* Default-568h@2x.png in Resources */ = {isa = PBXBuildFile; fileRef = 9EBD66D217C93B04002F41F7 /* Default-568h@2x.png */; };
		9EBD66E017C93CE6002F41F7 /* Category.m in Sources */ = {isa = PBXBuildFile; fileRef = 9EBD66DF17C93CE6002F41F7 /* Category.m */; };
		9EBD66E317C93E54002F41F7 /* CategoryStore.m in Sources */ = {isa = PBXBuildFile; fileRef = 9EBD66E217C93E54002F41F7 /* CategoryStore.m */; };
		9EBD66E717C93F6E002F41F7 /* AddCategoryViewController.m in Sources */ = {isa = PBXBuildFile; fileRef = 9EBD66E517C93F6E002F41F7 /* AddCategoryViewController.m */; };
		9EBD66E817C93F6E002F41F7 /* AddCategoryViewController.xib in Resources */ = {isa = PBXBuildFile; fileRef = 9EBD66E617C93F6E002F41F7 /* AddCategoryViewController.xib */; };
		9EBD66EB17C945AC002F41F7 /* CustomCollectionViewCell.m in Sources */ = {isa = PBXBuildFile; fileRef = 9EBD66EA17C945AC002F41F7 /* CustomCollectionViewCell.m */; };
		9EBD66ED17C94B60002F41F7 /* CustomCollectionViewCell.xib in Resources */ = {isa = PBXBuildFile; fileRef = 9EBD66EC17C94B60002F41F7 /* CustomCollectionViewCell.xib */; };
		9EFB4C7A17C9A5A8005D02A1 /* CategoryViewController.m in Sources */ = {isa = PBXBuildFile; fileRef = 9EFB4C7917C9A5A8005D02A1 /* CategoryViewController.m */; };
		A4566CFC17FF36DD00E44309 /* ImageStore.m in Sources */ = {isa = PBXBuildFile; fileRef = A4566CFB17FF36DD00E44309 /* ImageStore.m */; };
		A4896B65182BF9AD00BB348A /* Group copy.png in Resources */ = {isa = PBXBuildFile; fileRef = A4896B63182BF9AD00BB348A /* Group copy.png */; };
		A4896B66182BF9AD00BB348A /* Group copy@2x.png in Resources */ = {isa = PBXBuildFile; fileRef = A4896B64182BF9AD00BB348A /* Group copy@2x.png */; };
		A4896B72182BFC7F00BB348A /* libz.dylib in Frameworks */ = {isa = PBXBuildFile; fileRef = A4896B71182BFC7E00BB348A /* libz.dylib */; };
		A490ABB817F065970062FBEA /* EditExistingCategoryViewController.m in Sources */ = {isa = PBXBuildFile; fileRef = A490ABB617F065970062FBEA /* EditExistingCategoryViewController.m */; };
		A490ABB917F065970062FBEA /* EditExistingCategoryViewController.xib in Resources */ = {isa = PBXBuildFile; fileRef = A490ABB717F065970062FBEA /* EditExistingCategoryViewController.xib */; };
		A49593FD1819DA73005988F5 /* NewItemViewController.m in Sources */ = {isa = PBXBuildFile; fileRef = A49593FC1819DA73005988F5 /* NewItemViewController.m */; };
		A4A48D221820AFCF007B7D33 /* 0.png in Resources */ = {isa = PBXBuildFile; fileRef = A4A48CB61820AFCF007B7D33 /* 0.png */; };
		A4A48D231820AFCF007B7D33 /* 1.png in Resources */ = {isa = PBXBuildFile; fileRef = A4A48CB71820AFCF007B7D33 /* 1.png */; };
		A4A48D241820AFCF007B7D33 /* 10.png in Resources */ = {isa = PBXBuildFile; fileRef = A4A48CB81820AFCF007B7D33 /* 10.png */; };
		A4A48D251820AFCF007B7D33 /* 100.png in Resources */ = {isa = PBXBuildFile; fileRef = A4A48CB91820AFCF007B7D33 /* 100.png */; };
		A4A48D261820AFCF007B7D33 /* 101.png in Resources */ = {isa = PBXBuildFile; fileRef = A4A48CBA1820AFCF007B7D33 /* 101.png */; };
		A4A48D271820AFCF007B7D33 /* 102.png in Resources */ = {isa = PBXBuildFile; fileRef = A4A48CBB1820AFCF007B7D33 /* 102.png */; };
		A4A48D281820AFCF007B7D33 /* 103.png in Resources */ = {isa = PBXBuildFile; fileRef = A4A48CBC1820AFCF007B7D33 /* 103.png */; };
		A4A48D291820AFCF007B7D33 /* 104.png in Resources */ = {isa = PBXBuildFile; fileRef = A4A48CBD1820AFCF007B7D33 /* 104.png */; };
		A4A48D2A1820AFCF007B7D33 /* 105.png in Resources */ = {isa = PBXBuildFile; fileRef = A4A48CBE1820AFCF007B7D33 /* 105.png */; };
		A4A48D2B1820AFCF007B7D33 /* 106.png in Resources */ = {isa = PBXBuildFile; fileRef = A4A48CBF1820AFCF007B7D33 /* 106.png */; };
		A4A48D2C1820AFCF007B7D33 /* 11.png in Resources */ = {isa = PBXBuildFile; fileRef = A4A48CC01820AFCF007B7D33 /* 11.png */; };
		A4A48D2D1820AFCF007B7D33 /* 12.png in Resources */ = {isa = PBXBuildFile; fileRef = A4A48CC11820AFCF007B7D33 /* 12.png */; };
		A4A48D2E1820AFCF007B7D33 /* 13.png in Resources */ = {isa = PBXBuildFile; fileRef = A4A48CC21820AFCF007B7D33 /* 13.png */; };
		A4A48D2F1820AFCF007B7D33 /* 14.png in Resources */ = {isa = PBXBuildFile; fileRef = A4A48CC31820AFCF007B7D33 /* 14.png */; };
		A4A48D301820AFCF007B7D33 /* 15.png in Resources */ = {isa = PBXBuildFile; fileRef = A4A48CC41820AFCF007B7D33 /* 15.png */; };
		A4A48D311820AFCF007B7D33 /* 16.png in Resources */ = {isa = PBXBuildFile; fileRef = A4A48CC51820AFCF007B7D33 /* 16.png */; };
		A4A48D321820AFCF007B7D33 /* 17.png in Resources */ = {isa = PBXBuildFile; fileRef = A4A48CC61820AFCF007B7D33 /* 17.png */; };
		A4A48D331820AFCF007B7D33 /* 18.png in Resources */ = {isa = PBXBuildFile; fileRef = A4A48CC71820AFCF007B7D33 /* 18.png */; };
		A4A48D341820AFCF007B7D33 /* 19.png in Resources */ = {isa = PBXBuildFile; fileRef = A4A48CC81820AFCF007B7D33 /* 19.png */; };
		A4A48D351820AFCF007B7D33 /* 2.png in Resources */ = {isa = PBXBuildFile; fileRef = A4A48CC91820AFCF007B7D33 /* 2.png */; };
		A4A48D361820AFCF007B7D33 /* 20.png in Resources */ = {isa = PBXBuildFile; fileRef = A4A48CCA1820AFCF007B7D33 /* 20.png */; };
		A4A48D371820AFCF007B7D33 /* 21.png in Resources */ = {isa = PBXBuildFile; fileRef = A4A48CCB1820AFCF007B7D33 /* 21.png */; };
		A4A48D381820AFCF007B7D33 /* 22.png in Resources */ = {isa = PBXBuildFile; fileRef = A4A48CCC1820AFCF007B7D33 /* 22.png */; };
		A4A48D391820AFCF007B7D33 /* 23.png in Resources */ = {isa = PBXBuildFile; fileRef = A4A48CCD1820AFCF007B7D33 /* 23.png */; };
		A4A48D3A1820AFCF007B7D33 /* 24.png in Resources */ = {isa = PBXBuildFile; fileRef = A4A48CCE1820AFCF007B7D33 /* 24.png */; };
		A4A48D3B1820AFCF007B7D33 /* 25.png in Resources */ = {isa = PBXBuildFile; fileRef = A4A48CCF1820AFCF007B7D33 /* 25.png */; };
		A4A48D3C1820AFCF007B7D33 /* 26.png in Resources */ = {isa = PBXBuildFile; fileRef = A4A48CD01820AFCF007B7D33 /* 26.png */; };
		A4A48D3D1820AFCF007B7D33 /* 27.png in Resources */ = {isa = PBXBuildFile; fileRef = A4A48CD11820AFCF007B7D33 /* 27.png */; };
		A4A48D3E1820AFCF007B7D33 /* 28.png in Resources */ = {isa = PBXBuildFile; fileRef = A4A48CD21820AFCF007B7D33 /* 28.png */; };
		A4A48D3F1820AFCF007B7D33 /* 29.png in Resources */ = {isa = PBXBuildFile; fileRef = A4A48CD31820AFCF007B7D33 /* 29.png */; };
		A4A48D401820AFCF007B7D33 /* 3.png in Resources */ = {isa = PBXBuildFile; fileRef = A4A48CD41820AFCF007B7D33 /* 3.png */; };
		A4A48D411820AFCF007B7D33 /* 30.png in Resources */ = {isa = PBXBuildFile; fileRef = A4A48CD51820AFCF007B7D33 /* 30.png */; };
		A4A48D421820AFCF007B7D33 /* 31.png in Resources */ = {isa = PBXBuildFile; fileRef = A4A48CD61820AFCF007B7D33 /* 31.png */; };
		A4A48D431820AFCF007B7D33 /* 32.png in Resources */ = {isa = PBXBuildFile; fileRef = A4A48CD71820AFCF007B7D33 /* 32.png */; };
		A4A48D441820AFCF007B7D33 /* 33.png in Resources */ = {isa = PBXBuildFile; fileRef = A4A48CD81820AFCF007B7D33 /* 33.png */; };
		A4A48D451820AFCF007B7D33 /* 34.png in Resources */ = {isa = PBXBuildFile; fileRef = A4A48CD91820AFCF007B7D33 /* 34.png */; };
		A4A48D461820AFCF007B7D33 /* 35.png in Resources */ = {isa = PBXBuildFile; fileRef = A4A48CDA1820AFCF007B7D33 /* 35.png */; };
		A4A48D471820AFCF007B7D33 /* 36.png in Resources */ = {isa = PBXBuildFile; fileRef = A4A48CDB1820AFCF007B7D33 /* 36.png */; };
		A4A48D481820AFCF007B7D33 /* 37.png in Resources */ = {isa = PBXBuildFile; fileRef = A4A48CDC1820AFCF007B7D33 /* 37.png */; };
		A4A48D491820AFCF007B7D33 /* 38.png in Resources */ = {isa = PBXBuildFile; fileRef = A4A48CDD1820AFCF007B7D33 /* 38.png */; };
		A4A48D4A1820AFCF007B7D33 /* 39.png in Resources */ = {isa = PBXBuildFile; fileRef = A4A48CDE1820AFCF007B7D33 /* 39.png */; };
		A4A48D4B1820AFCF007B7D33 /* 4.png in Resources */ = {isa = PBXBuildFile; fileRef = A4A48CDF1820AFCF007B7D33 /* 4.png */; };
		A4A48D4C1820AFCF007B7D33 /* 40.png in Resources */ = {isa = PBXBuildFile; fileRef = A4A48CE01820AFCF007B7D33 /* 40.png */; };
		A4A48D4D1820AFCF007B7D33 /* 41.png in Resources */ = {isa = PBXBuildFile; fileRef = A4A48CE11820AFCF007B7D33 /* 41.png */; };
		A4A48D4E1820AFCF007B7D33 /* 42.png in Resources */ = {isa = PBXBuildFile; fileRef = A4A48CE21820AFCF007B7D33 /* 42.png */; };
		A4A48D4F1820AFCF007B7D33 /* 43.png in Resources */ = {isa = PBXBuildFile; fileRef = A4A48CE31820AFCF007B7D33 /* 43.png */; };
		A4A48D501820AFCF007B7D33 /* 44.png in Resources */ = {isa = PBXBuildFile; fileRef = A4A48CE41820AFCF007B7D33 /* 44.png */; };
		A4A48D511820AFCF007B7D33 /* 45.png in Resources */ = {isa = PBXBuildFile; fileRef = A4A48CE51820AFCF007B7D33 /* 45.png */; };
		A4A48D521820AFCF007B7D33 /* 46.png in Resources */ = {isa = PBXBuildFile; fileRef = A4A48CE61820AFCF007B7D33 /* 46.png */; };
		A4A48D531820AFCF007B7D33 /* 47.png in Resources */ = {isa = PBXBuildFile; fileRef = A4A48CE71820AFCF007B7D33 /* 47.png */; };
		A4A48D541820AFCF007B7D33 /* 48.png in Resources */ = {isa = PBXBuildFile; fileRef = A4A48CE81820AFCF007B7D33 /* 48.png */; };
		A4A48D551820AFCF007B7D33 /* 49.png in Resources */ = {isa = PBXBuildFile; fileRef = A4A48CE91820AFCF007B7D33 /* 49.png */; };
		A4A48D561820AFCF007B7D33 /* 5.png in Resources */ = {isa = PBXBuildFile; fileRef = A4A48CEA1820AFCF007B7D33 /* 5.png */; };
		A4A48D571820AFCF007B7D33 /* 50.png in Resources */ = {isa = PBXBuildFile; fileRef = A4A48CEB1820AFCF007B7D33 /* 50.png */; };
		A4A48D581820AFCF007B7D33 /* 51.png in Resources */ = {isa = PBXBuildFile; fileRef = A4A48CEC1820AFCF007B7D33 /* 51.png */; };
		A4A48D591820AFCF007B7D33 /* 52.png in Resources */ = {isa = PBXBuildFile; fileRef = A4A48CED1820AFCF007B7D33 /* 52.png */; };
		A4A48D5A1820AFCF007B7D33 /* 53.png in Resources */ = {isa = PBXBuildFile; fileRef = A4A48CEE1820AFCF007B7D33 /* 53.png */; };
		A4A48D5B1820AFCF007B7D33 /* 54.png in Resources */ = {isa = PBXBuildFile; fileRef = A4A48CEF1820AFCF007B7D33 /* 54.png */; };
		A4A48D5C1820AFCF007B7D33 /* 55.png in Resources */ = {isa = PBXBuildFile; fileRef = A4A48CF01820AFCF007B7D33 /* 55.png */; };
		A4A48D5D1820AFCF007B7D33 /* 56.png in Resources */ = {isa = PBXBuildFile; fileRef = A4A48CF11820AFCF007B7D33 /* 56.png */; };
		A4A48D5E1820AFCF007B7D33 /* 57.png in Resources */ = {isa = PBXBuildFile; fileRef = A4A48CF21820AFCF007B7D33 /* 57.png */; };
		A4A48D5F1820AFCF007B7D33 /* 58.png in Resources */ = {isa = PBXBuildFile; fileRef = A4A48CF31820AFCF007B7D33 /* 58.png */; };
		A4A48D601820AFCF007B7D33 /* 59.png in Resources */ = {isa = PBXBuildFile; fileRef = A4A48CF41820AFCF007B7D33 /* 59.png */; };
		A4A48D611820AFCF007B7D33 /* 6.png in Resources */ = {isa = PBXBuildFile; fileRef = A4A48CF51820AFCF007B7D33 /* 6.png */; };
		A4A48D621820AFCF007B7D33 /* 60.png in Resources */ = {isa = PBXBuildFile; fileRef = A4A48CF61820AFCF007B7D33 /* 60.png */; };
		A4A48D631820AFCF007B7D33 /* 61.png in Resources */ = {isa = PBXBuildFile; fileRef = A4A48CF71820AFCF007B7D33 /* 61.png */; };
		A4A48D641820AFCF007B7D33 /* 62.png in Resources */ = {isa = PBXBuildFile; fileRef = A4A48CF81820AFCF007B7D33 /* 62.png */; };
		A4A48D651820AFCF007B7D33 /* 63.png in Resources */ = {isa = PBXBuildFile; fileRef = A4A48CF91820AFCF007B7D33 /* 63.png */; };
		A4A48D661820AFCF007B7D33 /* 64.png in Resources */ = {isa = PBXBuildFile; fileRef = A4A48CFA1820AFCF007B7D33 /* 64.png */; };
		A4A48D671820AFCF007B7D33 /* 65.png in Resources */ = {isa = PBXBuildFile; fileRef = A4A48CFB1820AFCF007B7D33 /* 65.png */; };
		A4A48D681820AFCF007B7D33 /* 66.png in Resources */ = {isa = PBXBuildFile; fileRef = A4A48CFC1820AFCF007B7D33 /* 66.png */; };
		A4A48D691820AFCF007B7D33 /* 67.png in Resources */ = {isa = PBXBuildFile; fileRef = A4A48CFD1820AFCF007B7D33 /* 67.png */; };
		A4A48D6A1820AFCF007B7D33 /* 68.png in Resources */ = {isa = PBXBuildFile; fileRef = A4A48CFE1820AFCF007B7D33 /* 68.png */; };
		A4A48D6B1820AFCF007B7D33 /* 69.png in Resources */ = {isa = PBXBuildFile; fileRef = A4A48CFF1820AFCF007B7D33 /* 69.png */; };
		A4A48D6C1820AFCF007B7D33 /* 7.png in Resources */ = {isa = PBXBuildFile; fileRef = A4A48D001820AFCF007B7D33 /* 7.png */; };
		A4A48D6D1820AFCF007B7D33 /* 70.png in Resources */ = {isa = PBXBuildFile; fileRef = A4A48D011820AFCF007B7D33 /* 70.png */; };
		A4A48D6E1820AFCF007B7D33 /* 71.png in Resources */ = {isa = PBXBuildFile; fileRef = A4A48D021820AFCF007B7D33 /* 71.png */; };
		A4A48D6F1820AFCF007B7D33 /* 72.png in Resources */ = {isa = PBXBuildFile; fileRef = A4A48D031820AFCF007B7D33 /* 72.png */; };
		A4A48D701820AFCF007B7D33 /* 73.png in Resources */ = {isa = PBXBuildFile; fileRef = A4A48D041820AFCF007B7D33 /* 73.png */; };
		A4A48D711820AFCF007B7D33 /* 74.png in Resources */ = {isa = PBXBuildFile; fileRef = A4A48D051820AFCF007B7D33 /* 74.png */; };
		A4A48D721820AFCF007B7D33 /* 75.png in Resources */ = {isa = PBXBuildFile; fileRef = A4A48D061820AFCF007B7D33 /* 75.png */; };
		A4A48D731820AFCF007B7D33 /* 76.png in Resources */ = {isa = PBXBuildFile; fileRef = A4A48D071820AFCF007B7D33 /* 76.png */; };
		A4A48D741820AFCF007B7D33 /* 77.png in Resources */ = {isa = PBXBuildFile; fileRef = A4A48D081820AFCF007B7D33 /* 77.png */; };
		A4A48D751820AFCF007B7D33 /* 78.png in Resources */ = {isa = PBXBuildFile; fileRef = A4A48D091820AFCF007B7D33 /* 78.png */; };
		A4A48D761820AFCF007B7D33 /* 79.png in Resources */ = {isa = PBXBuildFile; fileRef = A4A48D0A1820AFCF007B7D33 /* 79.png */; };
		A4A48D771820AFCF007B7D33 /* 8.png in Resources */ = {isa = PBXBuildFile; fileRef = A4A48D0B1820AFCF007B7D33 /* 8.png */; };
		A4A48D781820AFCF007B7D33 /* 80.png in Resources */ = {isa = PBXBuildFile; fileRef = A4A48D0C1820AFCF007B7D33 /* 80.png */; };
		A4A48D791820AFCF007B7D33 /* 81.png in Resources */ = {isa = PBXBuildFile; fileRef = A4A48D0D1820AFCF007B7D33 /* 81.png */; };
		A4A48D7A1820AFCF007B7D33 /* 82.png in Resources */ = {isa = PBXBuildFile; fileRef = A4A48D0E1820AFCF007B7D33 /* 82.png */; };
		A4A48D7B1820AFCF007B7D33 /* 83.png in Resources */ = {isa = PBXBuildFile; fileRef = A4A48D0F1820AFCF007B7D33 /* 83.png */; };
		A4A48D7C1820AFCF007B7D33 /* 84.png in Resources */ = {isa = PBXBuildFile; fileRef = A4A48D101820AFCF007B7D33 /* 84.png */; };
		A4A48D7D1820AFCF007B7D33 /* 85.png in Resources */ = {isa = PBXBuildFile; fileRef = A4A48D111820AFCF007B7D33 /* 85.png */; };
		A4A48D7E1820AFCF007B7D33 /* 86.png in Resources */ = {isa = PBXBuildFile; fileRef = A4A48D121820AFCF007B7D33 /* 86.png */; };
		A4A48D7F1820AFCF007B7D33 /* 87.png in Resources */ = {isa = PBXBuildFile; fileRef = A4A48D131820AFCF007B7D33 /* 87.png */; };
		A4A48D801820AFCF007B7D33 /* 88.png in Resources */ = {isa = PBXBuildFile; fileRef = A4A48D141820AFCF007B7D33 /* 88.png */; };
		A4A48D811820AFCF007B7D33 /* 89.png in Resources */ = {isa = PBXBuildFile; fileRef = A4A48D151820AFCF007B7D33 /* 89.png */; };
		A4A48D821820AFCF007B7D33 /* 9.png in Resources */ = {isa = PBXBuildFile; fileRef = A4A48D161820AFCF007B7D33 /* 9.png */; };
		A4A48D831820AFCF007B7D33 /* 90.png in Resources */ = {isa = PBXBuildFile; fileRef = A4A48D171820AFCF007B7D33 /* 90.png */; };
		A4A48D841820AFCF007B7D33 /* 91.png in Resources */ = {isa = PBXBuildFile; fileRef = A4A48D181820AFCF007B7D33 /* 91.png */; };
		A4A48D851820AFCF007B7D33 /* 92.png in Resources */ = {isa = PBXBuildFile; fileRef = A4A48D191820AFCF007B7D33 /* 92.png */; };
		A4A48D861820AFCF007B7D33 /* 93.png in Resources */ = {isa = PBXBuildFile; fileRef = A4A48D1A1820AFCF007B7D33 /* 93.png */; };
		A4A48D871820AFCF007B7D33 /* 94.png in Resources */ = {isa = PBXBuildFile; fileRef = A4A48D1B1820AFCF007B7D33 /* 94.png */; };
		A4A48D881820AFCF007B7D33 /* 95.png in Resources */ = {isa = PBXBuildFile; fileRef = A4A48D1C1820AFCF007B7D33 /* 95.png */; };
		A4A48D891820AFCF007B7D33 /* 96.png in Resources */ = {isa = PBXBuildFile; fileRef = A4A48D1D1820AFCF007B7D33 /* 96.png */; };
		A4A48D8A1820AFCF007B7D33 /* 97.png in Resources */ = {isa = PBXBuildFile; fileRef = A4A48D1E1820AFCF007B7D33 /* 97.png */; };
		A4A48D8B1820AFCF007B7D33 /* 98.png in Resources */ = {isa = PBXBuildFile; fileRef = A4A48D1F1820AFCF007B7D33 /* 98.png */; };
		A4A48D8C1820AFCF007B7D33 /* 99.png in Resources */ = {isa = PBXBuildFile; fileRef = A4A48D201820AFCF007B7D33 /* 99.png */; };
		A4B128B817EFBEE800251312 /* EditCategoriesViewController.m in Sources */ = {isa = PBXBuildFile; fileRef = A4B128B717EFBEE800251312 /* EditCategoriesViewController.m */; };
		A4BAB01517FF30ED006CD53E /* ItemStore.m in Sources */ = {isa = PBXBuildFile; fileRef = A4BAB01417FF30ED006CD53E /* ItemStore.m */; };
		A4BB09DE182FF21B0065A2A2 /* CameraGlyph.png in Resources */ = {isa = PBXBuildFile; fileRef = A4BB09DD182FF21B0065A2A2 /* CameraGlyph.png */; };
		A4BB09EA182FF82B0065A2A2 /* Group copy.png in Resources */ = {isa = PBXBuildFile; fileRef = A4BB09E0182FF82B0065A2A2 /* Group copy.png */; };
		A4BB09EB182FF82B0065A2A2 /* Group copy@2x.png in Resources */ = {isa = PBXBuildFile; fileRef = A4BB09E1182FF82B0065A2A2 /* Group copy@2x.png */; };
		A4BB09EC182FF82B0065A2A2 /* Data in Resources */ = {isa = PBXBuildFile; fileRef = A4BB09E3182FF82B0065A2A2 /* Data */; };
		A4BB09ED182FF82B0065A2A2 /* fonts in Resources */ = {isa = PBXBuildFile; fileRef = A4BB09E4182FF82B0065A2A2 /* fonts */; };
		A4BB09EE182FF82B0065A2A2 /* Preview.png in Resources */ = {isa = PBXBuildFile; fileRef = A4BB09E6182FF82B0065A2A2 /* Preview.png */; };
		A4BB09EF182FF82B0065A2A2 /* Thumbnail.png in Resources */ = {isa = PBXBuildFile; fileRef = A4BB09E7182FF82B0065A2A2 /* Thumbnail.png */; };
		A4BB09F0182FF82B0065A2A2 /* version in Resources */ = {isa = PBXBuildFile; fileRef = A4BB09E8182FF82B0065A2A2 /* version */; };
		A4BB09F1182FF82B0065A2A2 /* Remember Icon - v0.1.png in Resources */ = {isa = PBXBuildFile; fileRef = A4BB09E9182FF82B0065A2A2 /* Remember Icon - v0.1.png */; };
		A4F6FEC61800BA23006D906B /* collectionStore.m in Sources */ = {isa = PBXBuildFile; fileRef = A4F6FEC51800BA23006D906B /* collectionStore.m */; };
		A4F6FF6A1800C1F9006D906B /* collectionViewCellCustom.m in Sources */ = {isa = PBXBuildFile; fileRef = A4F6FF691800C1F9006D906B /* collectionViewCellCustom.m */; };
		A4F6FF6C1800C217006D906B /* collectionViewCellCustom.xib in Resources */ = {isa = PBXBuildFile; fileRef = A4F6FF6B1800C217006D906B /* collectionViewCellCustom.xib */; };
		A4FBD148181C17BD0033AF17 /* QuartzCore.framework in Frameworks */ = {isa = PBXBuildFile; fileRef = A4FBD147181C17BD0033AF17 /* QuartzCore.framework */; };
/* End PBXBuildFile section */

/* Begin PBXFileReference section */
		075DBE18F3A84C44878702D4 /* Pods.xcconfig */ = {isa = PBXFileReference; includeInIndex = 1; lastKnownFileType = text.xcconfig; name = Pods.xcconfig; path = Pods/Pods.xcconfig; sourceTree = "<group>"; };
		9E0C714C17CD4A8300098B17 /* Item.h */ = {isa = PBXFileReference; fileEncoding = 4; lastKnownFileType = sourcecode.c.h; path = Item.h; sourceTree = "<group>"; };
		9E0C714D17CD4A8300098B17 /* Item.m */ = {isa = PBXFileReference; fileEncoding = 4; lastKnownFileType = sourcecode.c.objc; path = Item.m; sourceTree = "<group>"; };
		9E0C715217CD4D5700098B17 /* ItemListViewController.h */ = {isa = PBXFileReference; fileEncoding = 4; lastKnownFileType = sourcecode.c.h; path = ItemListViewController.h; sourceTree = "<group>"; };
		9E0C715317CD4D5700098B17 /* ItemListViewController.m */ = {isa = PBXFileReference; fileEncoding = 4; lastKnownFileType = sourcecode.c.objc; path = ItemListViewController.m; sourceTree = "<group>"; };
		9E0C715517CDA08200098B17 /* AddItemViewController.h */ = {isa = PBXFileReference; fileEncoding = 4; lastKnownFileType = sourcecode.c.h; path = AddItemViewController.h; sourceTree = "<group>"; };
		9E0C715617CDA08200098B17 /* AddItemViewController.m */ = {isa = PBXFileReference; fileEncoding = 4; lastKnownFileType = sourcecode.c.objc; path = AddItemViewController.m; sourceTree = "<group>"; };
		9E0C715717CDA08200098B17 /* AddItemViewController.xib */ = {isa = PBXFileReference; fileEncoding = 4; lastKnownFileType = file.xib; path = AddItemViewController.xib; sourceTree = "<group>"; };
		9E12309017D12E6700D96ABC /* Icon@2x.png */ = {isa = PBXFileReference; lastKnownFileType = image.png; path = "Icon@2x.png"; sourceTree = "<group>"; };
		9E12309217D12E8000D96ABC /* Icon@2x.png */ = {isa = PBXFileReference; lastKnownFileType = image.png; path = "Icon@2x.png"; sourceTree = "<group>"; };
		9E15B7B517CFB3C90025AD8A /* CustomTableViewCell.h */ = {isa = PBXFileReference; fileEncoding = 4; lastKnownFileType = sourcecode.c.h; path = CustomTableViewCell.h; sourceTree = "<group>"; };
		9E15B7B617CFB3C90025AD8A /* CustomTableViewCell.m */ = {isa = PBXFileReference; fileEncoding = 4; lastKnownFileType = sourcecode.c.objc; path = CustomTableViewCell.m; sourceTree = "<group>"; };
		9E15B7B817CFB3FE0025AD8A /* CustomTableViewCell.xib */ = {isa = PBXFileReference; fileEncoding = 4; lastKnownFileType = file.xib; path = CustomTableViewCell.xib; sourceTree = "<group>"; };
		9E15B7BF17CFC1200025AD8A /* EditItemViewController.h */ = {isa = PBXFileReference; fileEncoding = 4; lastKnownFileType = sourcecode.c.h; path = EditItemViewController.h; sourceTree = "<group>"; };
		9E15B7C017CFC1200025AD8A /* EditItemViewController.m */ = {isa = PBXFileReference; fileEncoding = 4; lastKnownFileType = sourcecode.c.objc; path = EditItemViewController.m; sourceTree = "<group>"; };
		9E15B7C217CFC1420025AD8A /* EditItemViewController.xib */ = {isa = PBXFileReference; fileEncoding = 4; lastKnownFileType = file.xib; path = EditItemViewController.xib; sourceTree = "<group>"; };
		9EBD66B917C93B04002F41F7 /* Remembr.app */ = {isa = PBXFileReference; explicitFileType = wrapper.application; includeInIndex = 0; path = Remembr.app; sourceTree = BUILT_PRODUCTS_DIR; };
		9EBD66BC17C93B04002F41F7 /* UIKit.framework */ = {isa = PBXFileReference; lastKnownFileType = wrapper.framework; name = UIKit.framework; path = System/Library/Frameworks/UIKit.framework; sourceTree = SDKROOT; };
		9EBD66BE17C93B04002F41F7 /* Foundation.framework */ = {isa = PBXFileReference; lastKnownFileType = wrapper.framework; name = Foundation.framework; path = System/Library/Frameworks/Foundation.framework; sourceTree = SDKROOT; };
		9EBD66C017C93B04002F41F7 /* CoreGraphics.framework */ = {isa = PBXFileReference; lastKnownFileType = wrapper.framework; name = CoreGraphics.framework; path = System/Library/Frameworks/CoreGraphics.framework; sourceTree = SDKROOT; };
		9EBD66C417C93B04002F41F7 /* Remembr-Info.plist */ = {isa = PBXFileReference; lastKnownFileType = text.plist.xml; path = "Remembr-Info.plist"; sourceTree = "<group>"; };
		9EBD66C617C93B04002F41F7 /* en */ = {isa = PBXFileReference; lastKnownFileType = text.plist.strings; name = en; path = en.lproj/InfoPlist.strings; sourceTree = "<group>"; };
		9EBD66C817C93B04002F41F7 /* main.m */ = {isa = PBXFileReference; lastKnownFileType = sourcecode.c.objc; path = main.m; sourceTree = "<group>"; };
		9EBD66CA17C93B04002F41F7 /* Remembr-Prefix.pch */ = {isa = PBXFileReference; lastKnownFileType = sourcecode.c.h; path = "Remembr-Prefix.pch"; sourceTree = "<group>"; };
		9EBD66CB17C93B04002F41F7 /* AppDelegate.h */ = {isa = PBXFileReference; lastKnownFileType = sourcecode.c.h; path = AppDelegate.h; sourceTree = "<group>"; };
		9EBD66CC17C93B04002F41F7 /* AppDelegate.m */ = {isa = PBXFileReference; lastKnownFileType = sourcecode.c.objc; path = AppDelegate.m; sourceTree = "<group>"; };
		9EBD66CE17C93B04002F41F7 /* Default.png */ = {isa = PBXFileReference; lastKnownFileType = image.png; path = Default.png; sourceTree = "<group>"; };
		9EBD66D017C93B04002F41F7 /* Default@2x.png */ = {isa = PBXFileReference; lastKnownFileType = image.png; path = "Default@2x.png"; sourceTree = "<group>"; };
		9EBD66D217C93B04002F41F7 /* Default-568h@2x.png */ = {isa = PBXFileReference; lastKnownFileType = image.png; path = "Default-568h@2x.png"; sourceTree = "<group>"; };
		9EBD66DE17C93CE6002F41F7 /* Category.h */ = {isa = PBXFileReference; fileEncoding = 4; lastKnownFileType = sourcecode.c.h; path = Category.h; sourceTree = "<group>"; };
		9EBD66DF17C93CE6002F41F7 /* Category.m */ = {isa = PBXFileReference; fileEncoding = 4; lastKnownFileType = sourcecode.c.objc; path = Category.m; sourceTree = "<group>"; };
		9EBD66E117C93E54002F41F7 /* CategoryStore.h */ = {isa = PBXFileReference; fileEncoding = 4; lastKnownFileType = sourcecode.c.h; path = CategoryStore.h; sourceTree = "<group>"; };
		9EBD66E217C93E54002F41F7 /* CategoryStore.m */ = {isa = PBXFileReference; fileEncoding = 4; lastKnownFileType = sourcecode.c.objc; path = CategoryStore.m; sourceTree = "<group>"; };
		9EBD66E417C93F6E002F41F7 /* AddCategoryViewController.h */ = {isa = PBXFileReference; fileEncoding = 4; lastKnownFileType = sourcecode.c.h; path = AddCategoryViewController.h; sourceTree = "<group>"; };
		9EBD66E517C93F6E002F41F7 /* AddCategoryViewController.m */ = {isa = PBXFileReference; fileEncoding = 4; lastKnownFileType = sourcecode.c.objc; path = AddCategoryViewController.m; sourceTree = "<group>"; };
		9EBD66E617C93F6E002F41F7 /* AddCategoryViewController.xib */ = {isa = PBXFileReference; fileEncoding = 4; lastKnownFileType = file.xib; path = AddCategoryViewController.xib; sourceTree = "<group>"; };
		9EBD66E917C945AC002F41F7 /* CustomCollectionViewCell.h */ = {isa = PBXFileReference; fileEncoding = 4; lastKnownFileType = sourcecode.c.h; path = CustomCollectionViewCell.h; sourceTree = "<group>"; };
		9EBD66EA17C945AC002F41F7 /* CustomCollectionViewCell.m */ = {isa = PBXFileReference; fileEncoding = 4; lastKnownFileType = sourcecode.c.objc; path = CustomCollectionViewCell.m; sourceTree = "<group>"; };
		9EBD66EC17C94B60002F41F7 /* CustomCollectionViewCell.xib */ = {isa = PBXFileReference; fileEncoding = 4; lastKnownFileType = file.xib; path = CustomCollectionViewCell.xib; sourceTree = "<group>"; };
		9EFB4C7817C9A5A8005D02A1 /* CategoryViewController.h */ = {isa = PBXFileReference; fileEncoding = 4; lastKnownFileType = sourcecode.c.h; path = CategoryViewController.h; sourceTree = "<group>"; };
		9EFB4C7917C9A5A8005D02A1 /* CategoryViewController.m */ = {isa = PBXFileReference; fileEncoding = 4; lastKnownFileType = sourcecode.c.objc; path = CategoryViewController.m; sourceTree = "<group>"; };
		9EFB4C7B17C9B0D4005D02A1 /* logo.jpg */ = {isa = PBXFileReference; lastKnownFileType = image.jpeg; path = logo.jpg; sourceTree = "<group>"; };
		A4566CFA17FF36DD00E44309 /* ImageStore.h */ = {isa = PBXFileReference; fileEncoding = 4; lastKnownFileType = sourcecode.c.h; path = ImageStore.h; sourceTree = "<group>"; };
		A4566CFB17FF36DD00E44309 /* ImageStore.m */ = {isa = PBXFileReference; fileEncoding = 4; lastKnownFileType = sourcecode.c.objc; path = ImageStore.m; sourceTree = "<group>"; };
		A4896B63182BF9AD00BB348A /* Group copy.png */ = {isa = PBXFileReference; lastKnownFileType = image.png; name = "Group copy.png"; path = "../Icons/Group copy.png"; sourceTree = "<group>"; };
		A4896B64182BF9AD00BB348A /* Group copy@2x.png */ = {isa = PBXFileReference; lastKnownFileType = image.png; name = "Group copy@2x.png"; path = "../Icons/Group copy@2x.png"; sourceTree = "<group>"; };
		A4896B71182BFC7E00BB348A /* libz.dylib */ = {isa = PBXFileReference; lastKnownFileType = "compiled.mach-o.dylib"; name = libz.dylib; path = usr/lib/libz.dylib; sourceTree = SDKROOT; };
		A490ABB517F065970062FBEA /* EditExistingCategoryViewController.h */ = {isa = PBXFileReference; fileEncoding = 4; lastKnownFileType = sourcecode.c.h; path = EditExistingCategoryViewController.h; sourceTree = "<group>"; };
		A490ABB617F065970062FBEA /* EditExistingCategoryViewController.m */ = {isa = PBXFileReference; fileEncoding = 4; lastKnownFileType = sourcecode.c.objc; path = EditExistingCategoryViewController.m; sourceTree = "<group>"; };
		A490ABB717F065970062FBEA /* EditExistingCategoryViewController.xib */ = {isa = PBXFileReference; fileEncoding = 4; lastKnownFileType = file.xib; path = EditExistingCategoryViewController.xib; sourceTree = "<group>"; };
		A49593FB1819DA73005988F5 /* NewItemViewController.h */ = {isa = PBXFileReference; fileEncoding = 4; lastKnownFileType = sourcecode.c.h; path = NewItemViewController.h; sourceTree = "<group>"; };
		A49593FC1819DA73005988F5 /* NewItemViewController.m */ = {isa = PBXFileReference; fileEncoding = 4; lastKnownFileType = sourcecode.c.objc; path = NewItemViewController.m; sourceTree = "<group>"; };
		A4A48CB61820AFCF007B7D33 /* 0.png */ = {isa = PBXFileReference; lastKnownFileType = image.png; path = 0.png; sourceTree = "<group>"; };
		A4A48CB71820AFCF007B7D33 /* 1.png */ = {isa = PBXFileReference; lastKnownFileType = image.png; path = 1.png; sourceTree = "<group>"; };
		A4A48CB81820AFCF007B7D33 /* 10.png */ = {isa = PBXFileReference; lastKnownFileType = image.png; path = 10.png; sourceTree = "<group>"; };
		A4A48CB91820AFCF007B7D33 /* 100.png */ = {isa = PBXFileReference; lastKnownFileType = image.png; path = 100.png; sourceTree = "<group>"; };
		A4A48CBA1820AFCF007B7D33 /* 101.png */ = {isa = PBXFileReference; lastKnownFileType = image.png; path = 101.png; sourceTree = "<group>"; };
		A4A48CBB1820AFCF007B7D33 /* 102.png */ = {isa = PBXFileReference; lastKnownFileType = image.png; path = 102.png; sourceTree = "<group>"; };
		A4A48CBC1820AFCF007B7D33 /* 103.png */ = {isa = PBXFileReference; lastKnownFileType = image.png; path = 103.png; sourceTree = "<group>"; };
		A4A48CBD1820AFCF007B7D33 /* 104.png */ = {isa = PBXFileReference; lastKnownFileType = image.png; path = 104.png; sourceTree = "<group>"; };
		A4A48CBE1820AFCF007B7D33 /* 105.png */ = {isa = PBXFileReference; lastKnownFileType = image.png; path = 105.png; sourceTree = "<group>"; };
		A4A48CBF1820AFCF007B7D33 /* 106.png */ = {isa = PBXFileReference; lastKnownFileType = image.png; path = 106.png; sourceTree = "<group>"; };
		A4A48CC01820AFCF007B7D33 /* 11.png */ = {isa = PBXFileReference; lastKnownFileType = image.png; path = 11.png; sourceTree = "<group>"; };
		A4A48CC11820AFCF007B7D33 /* 12.png */ = {isa = PBXFileReference; lastKnownFileType = image.png; path = 12.png; sourceTree = "<group>"; };
		A4A48CC21820AFCF007B7D33 /* 13.png */ = {isa = PBXFileReference; lastKnownFileType = image.png; path = 13.png; sourceTree = "<group>"; };
		A4A48CC31820AFCF007B7D33 /* 14.png */ = {isa = PBXFileReference; lastKnownFileType = image.png; path = 14.png; sourceTree = "<group>"; };
		A4A48CC41820AFCF007B7D33 /* 15.png */ = {isa = PBXFileReference; lastKnownFileType = image.png; path = 15.png; sourceTree = "<group>"; };
		A4A48CC51820AFCF007B7D33 /* 16.png */ = {isa = PBXFileReference; lastKnownFileType = image.png; path = 16.png; sourceTree = "<group>"; };
		A4A48CC61820AFCF007B7D33 /* 17.png */ = {isa = PBXFileReference; lastKnownFileType = image.png; path = 17.png; sourceTree = "<group>"; };
		A4A48CC71820AFCF007B7D33 /* 18.png */ = {isa = PBXFileReference; lastKnownFileType = image.png; path = 18.png; sourceTree = "<group>"; };
		A4A48CC81820AFCF007B7D33 /* 19.png */ = {isa = PBXFileReference; lastKnownFileType = image.png; path = 19.png; sourceTree = "<group>"; };
		A4A48CC91820AFCF007B7D33 /* 2.png */ = {isa = PBXFileReference; lastKnownFileType = image.png; path = 2.png; sourceTree = "<group>"; };
		A4A48CCA1820AFCF007B7D33 /* 20.png */ = {isa = PBXFileReference; lastKnownFileType = image.png; path = 20.png; sourceTree = "<group>"; };
		A4A48CCB1820AFCF007B7D33 /* 21.png */ = {isa = PBXFileReference; lastKnownFileType = image.png; path = 21.png; sourceTree = "<group>"; };
		A4A48CCC1820AFCF007B7D33 /* 22.png */ = {isa = PBXFileReference; lastKnownFileType = image.png; path = 22.png; sourceTree = "<group>"; };
		A4A48CCD1820AFCF007B7D33 /* 23.png */ = {isa = PBXFileReference; lastKnownFileType = image.png; path = 23.png; sourceTree = "<group>"; };
		A4A48CCE1820AFCF007B7D33 /* 24.png */ = {isa = PBXFileReference; lastKnownFileType = image.png; path = 24.png; sourceTree = "<group>"; };
		A4A48CCF1820AFCF007B7D33 /* 25.png */ = {isa = PBXFileReference; lastKnownFileType = image.png; path = 25.png; sourceTree = "<group>"; };
		A4A48CD01820AFCF007B7D33 /* 26.png */ = {isa = PBXFileReference; lastKnownFileType = image.png; path = 26.png; sourceTree = "<group>"; };
		A4A48CD11820AFCF007B7D33 /* 27.png */ = {isa = PBXFileReference; lastKnownFileType = image.png; path = 27.png; sourceTree = "<group>"; };
		A4A48CD21820AFCF007B7D33 /* 28.png */ = {isa = PBXFileReference; lastKnownFileType = image.png; path = 28.png; sourceTree = "<group>"; };
		A4A48CD31820AFCF007B7D33 /* 29.png */ = {isa = PBXFileReference; lastKnownFileType = image.png; path = 29.png; sourceTree = "<group>"; };
		A4A48CD41820AFCF007B7D33 /* 3.png */ = {isa = PBXFileReference; lastKnownFileType = image.png; path = 3.png; sourceTree = "<group>"; };
		A4A48CD51820AFCF007B7D33 /* 30.png */ = {isa = PBXFileReference; lastKnownFileType = image.png; path = 30.png; sourceTree = "<group>"; };
		A4A48CD61820AFCF007B7D33 /* 31.png */ = {isa = PBXFileReference; lastKnownFileType = image.png; path = 31.png; sourceTree = "<group>"; };
		A4A48CD71820AFCF007B7D33 /* 32.png */ = {isa = PBXFileReference; lastKnownFileType = image.png; path = 32.png; sourceTree = "<group>"; };
		A4A48CD81820AFCF007B7D33 /* 33.png */ = {isa = PBXFileReference; lastKnownFileType = image.png; path = 33.png; sourceTree = "<group>"; };
		A4A48CD91820AFCF007B7D33 /* 34.png */ = {isa = PBXFileReference; lastKnownFileType = image.png; path = 34.png; sourceTree = "<group>"; };
		A4A48CDA1820AFCF007B7D33 /* 35.png */ = {isa = PBXFileReference; lastKnownFileType = image.png; path = 35.png; sourceTree = "<group>"; };
		A4A48CDB1820AFCF007B7D33 /* 36.png */ = {isa = PBXFileReference; lastKnownFileType = image.png; path = 36.png; sourceTree = "<group>"; };
		A4A48CDC1820AFCF007B7D33 /* 37.png */ = {isa = PBXFileReference; lastKnownFileType = image.png; path = 37.png; sourceTree = "<group>"; };
		A4A48CDD1820AFCF007B7D33 /* 38.png */ = {isa = PBXFileReference; lastKnownFileType = image.png; path = 38.png; sourceTree = "<group>"; };
		A4A48CDE1820AFCF007B7D33 /* 39.png */ = {isa = PBXFileReference; lastKnownFileType = image.png; path = 39.png; sourceTree = "<group>"; };
		A4A48CDF1820AFCF007B7D33 /* 4.png */ = {isa = PBXFileReference; lastKnownFileType = image.png; path = 4.png; sourceTree = "<group>"; };
		A4A48CE01820AFCF007B7D33 /* 40.png */ = {isa = PBXFileReference; lastKnownFileType = image.png; path = 40.png; sourceTree = "<group>"; };
		A4A48CE11820AFCF007B7D33 /* 41.png */ = {isa = PBXFileReference; lastKnownFileType = image.png; path = 41.png; sourceTree = "<group>"; };
		A4A48CE21820AFCF007B7D33 /* 42.png */ = {isa = PBXFileReference; lastKnownFileType = image.png; path = 42.png; sourceTree = "<group>"; };
		A4A48CE31820AFCF007B7D33 /* 43.png */ = {isa = PBXFileReference; lastKnownFileType = image.png; path = 43.png; sourceTree = "<group>"; };
		A4A48CE41820AFCF007B7D33 /* 44.png */ = {isa = PBXFileReference; lastKnownFileType = image.png; path = 44.png; sourceTree = "<group>"; };
		A4A48CE51820AFCF007B7D33 /* 45.png */ = {isa = PBXFileReference; lastKnownFileType = image.png; path = 45.png; sourceTree = "<group>"; };
		A4A48CE61820AFCF007B7D33 /* 46.png */ = {isa = PBXFileReference; lastKnownFileType = image.png; path = 46.png; sourceTree = "<group>"; };
		A4A48CE71820AFCF007B7D33 /* 47.png */ = {isa = PBXFileReference; lastKnownFileType = image.png; path = 47.png; sourceTree = "<group>"; };
		A4A48CE81820AFCF007B7D33 /* 48.png */ = {isa = PBXFileReference; lastKnownFileType = image.png; path = 48.png; sourceTree = "<group>"; };
		A4A48CE91820AFCF007B7D33 /* 49.png */ = {isa = PBXFileReference; lastKnownFileType = image.png; path = 49.png; sourceTree = "<group>"; };
		A4A48CEA1820AFCF007B7D33 /* 5.png */ = {isa = PBXFileReference; lastKnownFileType = image.png; path = 5.png; sourceTree = "<group>"; };
		A4A48CEB1820AFCF007B7D33 /* 50.png */ = {isa = PBXFileReference; lastKnownFileType = image.png; path = 50.png; sourceTree = "<group>"; };
		A4A48CEC1820AFCF007B7D33 /* 51.png */ = {isa = PBXFileReference; lastKnownFileType = image.png; path = 51.png; sourceTree = "<group>"; };
		A4A48CED1820AFCF007B7D33 /* 52.png */ = {isa = PBXFileReference; lastKnownFileType = image.png; path = 52.png; sourceTree = "<group>"; };
		A4A48CEE1820AFCF007B7D33 /* 53.png */ = {isa = PBXFileReference; lastKnownFileType = image.png; path = 53.png; sourceTree = "<group>"; };
		A4A48CEF1820AFCF007B7D33 /* 54.png */ = {isa = PBXFileReference; lastKnownFileType = image.png; path = 54.png; sourceTree = "<group>"; };
		A4A48CF01820AFCF007B7D33 /* 55.png */ = {isa = PBXFileReference; lastKnownFileType = image.png; path = 55.png; sourceTree = "<group>"; };
		A4A48CF11820AFCF007B7D33 /* 56.png */ = {isa = PBXFileReference; lastKnownFileType = image.png; path = 56.png; sourceTree = "<group>"; };
		A4A48CF21820AFCF007B7D33 /* 57.png */ = {isa = PBXFileReference; lastKnownFileType = image.png; path = 57.png; sourceTree = "<group>"; };
		A4A48CF31820AFCF007B7D33 /* 58.png */ = {isa = PBXFileReference; lastKnownFileType = image.png; path = 58.png; sourceTree = "<group>"; };
		A4A48CF41820AFCF007B7D33 /* 59.png */ = {isa = PBXFileReference; lastKnownFileType = image.png; path = 59.png; sourceTree = "<group>"; };
		A4A48CF51820AFCF007B7D33 /* 6.png */ = {isa = PBXFileReference; lastKnownFileType = image.png; path = 6.png; sourceTree = "<group>"; };
		A4A48CF61820AFCF007B7D33 /* 60.png */ = {isa = PBXFileReference; lastKnownFileType = image.png; path = 60.png; sourceTree = "<group>"; };
		A4A48CF71820AFCF007B7D33 /* 61.png */ = {isa = PBXFileReference; lastKnownFileType = image.png; path = 61.png; sourceTree = "<group>"; };
		A4A48CF81820AFCF007B7D33 /* 62.png */ = {isa = PBXFileReference; lastKnownFileType = image.png; path = 62.png; sourceTree = "<group>"; };
		A4A48CF91820AFCF007B7D33 /* 63.png */ = {isa = PBXFileReference; lastKnownFileType = image.png; path = 63.png; sourceTree = "<group>"; };
		A4A48CFA1820AFCF007B7D33 /* 64.png */ = {isa = PBXFileReference; lastKnownFileType = image.png; path = 64.png; sourceTree = "<group>"; };
		A4A48CFB1820AFCF007B7D33 /* 65.png */ = {isa = PBXFileReference; lastKnownFileType = image.png; path = 65.png; sourceTree = "<group>"; };
		A4A48CFC1820AFCF007B7D33 /* 66.png */ = {isa = PBXFileReference; lastKnownFileType = image.png; path = 66.png; sourceTree = "<group>"; };
		A4A48CFD1820AFCF007B7D33 /* 67.png */ = {isa = PBXFileReference; lastKnownFileType = image.png; path = 67.png; sourceTree = "<group>"; };
		A4A48CFE1820AFCF007B7D33 /* 68.png */ = {isa = PBXFileReference; lastKnownFileType = image.png; path = 68.png; sourceTree = "<group>"; };
		A4A48CFF1820AFCF007B7D33 /* 69.png */ = {isa = PBXFileReference; lastKnownFileType = image.png; path = 69.png; sourceTree = "<group>"; };
		A4A48D001820AFCF007B7D33 /* 7.png */ = {isa = PBXFileReference; lastKnownFileType = image.png; path = 7.png; sourceTree = "<group>"; };
		A4A48D011820AFCF007B7D33 /* 70.png */ = {isa = PBXFileReference; lastKnownFileType = image.png; path = 70.png; sourceTree = "<group>"; };
		A4A48D021820AFCF007B7D33 /* 71.png */ = {isa = PBXFileReference; lastKnownFileType = image.png; path = 71.png; sourceTree = "<group>"; };
		A4A48D031820AFCF007B7D33 /* 72.png */ = {isa = PBXFileReference; lastKnownFileType = image.png; path = 72.png; sourceTree = "<group>"; };
		A4A48D041820AFCF007B7D33 /* 73.png */ = {isa = PBXFileReference; lastKnownFileType = image.png; path = 73.png; sourceTree = "<group>"; };
		A4A48D051820AFCF007B7D33 /* 74.png */ = {isa = PBXFileReference; lastKnownFileType = image.png; path = 74.png; sourceTree = "<group>"; };
		A4A48D061820AFCF007B7D33 /* 75.png */ = {isa = PBXFileReference; lastKnownFileType = image.png; path = 75.png; sourceTree = "<group>"; };
		A4A48D071820AFCF007B7D33 /* 76.png */ = {isa = PBXFileReference; lastKnownFileType = image.png; path = 76.png; sourceTree = "<group>"; };
		A4A48D081820AFCF007B7D33 /* 77.png */ = {isa = PBXFileReference; lastKnownFileType = image.png; path = 77.png; sourceTree = "<group>"; };
		A4A48D091820AFCF007B7D33 /* 78.png */ = {isa = PBXFileReference; lastKnownFileType = image.png; path = 78.png; sourceTree = "<group>"; };
		A4A48D0A1820AFCF007B7D33 /* 79.png */ = {isa = PBXFileReference; lastKnownFileType = image.png; path = 79.png; sourceTree = "<group>"; };
		A4A48D0B1820AFCF007B7D33 /* 8.png */ = {isa = PBXFileReference; lastKnownFileType = image.png; path = 8.png; sourceTree = "<group>"; };
		A4A48D0C1820AFCF007B7D33 /* 80.png */ = {isa = PBXFileReference; lastKnownFileType = image.png; path = 80.png; sourceTree = "<group>"; };
		A4A48D0D1820AFCF007B7D33 /* 81.png */ = {isa = PBXFileReference; lastKnownFileType = image.png; path = 81.png; sourceTree = "<group>"; };
		A4A48D0E1820AFCF007B7D33 /* 82.png */ = {isa = PBXFileReference; lastKnownFileType = image.png; path = 82.png; sourceTree = "<group>"; };
		A4A48D0F1820AFCF007B7D33 /* 83.png */ = {isa = PBXFileReference; lastKnownFileType = image.png; path = 83.png; sourceTree = "<group>"; };
		A4A48D101820AFCF007B7D33 /* 84.png */ = {isa = PBXFileReference; lastKnownFileType = image.png; path = 84.png; sourceTree = "<group>"; };
		A4A48D111820AFCF007B7D33 /* 85.png */ = {isa = PBXFileReference; lastKnownFileType = image.png; path = 85.png; sourceTree = "<group>"; };
		A4A48D121820AFCF007B7D33 /* 86.png */ = {isa = PBXFileReference; lastKnownFileType = image.png; path = 86.png; sourceTree = "<group>"; };
		A4A48D131820AFCF007B7D33 /* 87.png */ = {isa = PBXFileReference; lastKnownFileType = image.png; path = 87.png; sourceTree = "<group>"; };
		A4A48D141820AFCF007B7D33 /* 88.png */ = {isa = PBXFileReference; lastKnownFileType = image.png; path = 88.png; sourceTree = "<group>"; };
		A4A48D151820AFCF007B7D33 /* 89.png */ = {isa = PBXFileReference; lastKnownFileType = image.png; path = 89.png; sourceTree = "<group>"; };
		A4A48D161820AFCF007B7D33 /* 9.png */ = {isa = PBXFileReference; lastKnownFileType = image.png; path = 9.png; sourceTree = "<group>"; };
		A4A48D171820AFCF007B7D33 /* 90.png */ = {isa = PBXFileReference; lastKnownFileType = image.png; path = 90.png; sourceTree = "<group>"; };
		A4A48D181820AFCF007B7D33 /* 91.png */ = {isa = PBXFileReference; lastKnownFileType = image.png; path = 91.png; sourceTree = "<group>"; };
		A4A48D191820AFCF007B7D33 /* 92.png */ = {isa = PBXFileReference; lastKnownFileType = image.png; path = 92.png; sourceTree = "<group>"; };
		A4A48D1A1820AFCF007B7D33 /* 93.png */ = {isa = PBXFileReference; lastKnownFileType = image.png; path = 93.png; sourceTree = "<group>"; };
		A4A48D1B1820AFCF007B7D33 /* 94.png */ = {isa = PBXFileReference; lastKnownFileType = image.png; path = 94.png; sourceTree = "<group>"; };
		A4A48D1C1820AFCF007B7D33 /* 95.png */ = {isa = PBXFileReference; lastKnownFileType = image.png; path = 95.png; sourceTree = "<group>"; };
		A4A48D1D1820AFCF007B7D33 /* 96.png */ = {isa = PBXFileReference; lastKnownFileType = image.png; path = 96.png; sourceTree = "<group>"; };
		A4A48D1E1820AFCF007B7D33 /* 97.png */ = {isa = PBXFileReference; lastKnownFileType = image.png; path = 97.png; sourceTree = "<group>"; };
		A4A48D1F1820AFCF007B7D33 /* 98.png */ = {isa = PBXFileReference; lastKnownFileType = image.png; path = 98.png; sourceTree = "<group>"; };
		A4A48D201820AFCF007B7D33 /* 99.png */ = {isa = PBXFileReference; lastKnownFileType = image.png; path = 99.png; sourceTree = "<group>"; };
		A4B128B617EFBEE800251312 /* EditCategoriesViewController.h */ = {isa = PBXFileReference; fileEncoding = 4; lastKnownFileType = sourcecode.c.h; path = EditCategoriesViewController.h; sourceTree = "<group>"; };
		A4B128B717EFBEE800251312 /* EditCategoriesViewController.m */ = {isa = PBXFileReference; fileEncoding = 4; lastKnownFileType = sourcecode.c.objc; path = EditCategoriesViewController.m; sourceTree = "<group>"; };
		A4BAB01317FF30ED006CD53E /* ItemStore.h */ = {isa = PBXFileReference; fileEncoding = 4; lastKnownFileType = sourcecode.c.h; path = ItemStore.h; sourceTree = "<group>"; };
		A4BAB01417FF30ED006CD53E /* ItemStore.m */ = {isa = PBXFileReference; fileEncoding = 4; lastKnownFileType = sourcecode.c.objc; path = ItemStore.m; sourceTree = "<group>"; };
		A4BB09DD182FF21B0065A2A2 /* CameraGlyph.png */ = {isa = PBXFileReference; lastKnownFileType = image.png; name = CameraGlyph.png; path = 32x32/CameraGlyph.png; sourceTree = "<group>"; };
		A4BB09E0182FF82B0065A2A2 /* Group copy.png */ = {isa = PBXFileReference; lastKnownFileType = image.png; path = "Group copy.png"; sourceTree = "<group>"; };
		A4BB09E1182FF82B0065A2A2 /* Group copy@2x.png */ = {isa = PBXFileReference; lastKnownFileType = image.png; path = "Group copy@2x.png"; sourceTree = "<group>"; };
		A4BB09E3182FF82B0065A2A2 /* Data */ = {isa = PBXFileReference; lastKnownFileType = file.bplist; path = Data; sourceTree = "<group>"; };
		A4BB09E4182FF82B0065A2A2 /* fonts */ = {isa = PBXFileReference; fileEncoding = 4; lastKnownFileType = text; path = fonts; sourceTree = "<group>"; };
		A4BB09E6182FF82B0065A2A2 /* Preview.png */ = {isa = PBXFileReference; lastKnownFileType = image.png; path = Preview.png; sourceTree = "<group>"; };
		A4BB09E7182FF82B0065A2A2 /* Thumbnail.png */ = {isa = PBXFileReference; lastKnownFileType = image.png; path = Thumbnail.png; sourceTree = "<group>"; };
		A4BB09E8182FF82B0065A2A2 /* version */ = {isa = PBXFileReference; fileEncoding = 4; lastKnownFileType = text; path = version; sourceTree = "<group>"; };
		A4BB09E9182FF82B0065A2A2 /* Remember Icon - v0.1.png */ = {isa = PBXFileReference; lastKnownFileType = image.png; path = "Remember Icon - v0.1.png"; sourceTree = "<group>"; };
		A4F6FEC41800BA23006D906B /* collectionStore.h */ = {isa = PBXFileReference; fileEncoding = 4; lastKnownFileType = sourcecode.c.h; path = collectionStore.h; sourceTree = "<group>"; };
		A4F6FEC51800BA23006D906B /* collectionStore.m */ = {isa = PBXFileReference; fileEncoding = 4; lastKnownFileType = sourcecode.c.objc; path = collectionStore.m; sourceTree = "<group>"; };
		A4F6FF681800C1F9006D906B /* collectionViewCellCustom.h */ = {isa = PBXFileReference; fileEncoding = 4; lastKnownFileType = sourcecode.c.h; path = collectionViewCellCustom.h; sourceTree = "<group>"; };
		A4F6FF691800C1F9006D906B /* collectionViewCellCustom.m */ = {isa = PBXFileReference; fileEncoding = 4; lastKnownFileType = sourcecode.c.objc; path = collectionViewCellCustom.m; sourceTree = "<group>"; };
		A4F6FF6B1800C217006D906B /* collectionViewCellCustom.xib */ = {isa = PBXFileReference; fileEncoding = 4; lastKnownFileType = file.xib; name = collectionViewCellCustom.xib; path = ../collectionViewCellCustom.xib; sourceTree = "<group>"; };
		A4FBD147181C17BD0033AF17 /* QuartzCore.framework */ = {isa = PBXFileReference; lastKnownFileType = wrapper.framework; name = QuartzCore.framework; path = System/Library/Frameworks/QuartzCore.framework; sourceTree = SDKROOT; };
		CEBC1E0B2D464F46B1704D16 /* libPods.a */ = {isa = PBXFileReference; explicitFileType = archive.ar; includeInIndex = 0; path = libPods.a; sourceTree = BUILT_PRODUCTS_DIR; };
/* End PBXFileReference section */

/* Begin PBXFrameworksBuildPhase section */
		9EBD66B617C93B04002F41F7 /* Frameworks */ = {
			isa = PBXFrameworksBuildPhase;
			buildActionMask = 2147483647;
			files = (
				A4896B72182BFC7F00BB348A /* libz.dylib in Frameworks */,
				A4FBD148181C17BD0033AF17 /* QuartzCore.framework in Frameworks */,
				9EBD66BD17C93B04002F41F7 /* UIKit.framework in Frameworks */,
				9EBD66BF17C93B04002F41F7 /* Foundation.framework in Frameworks */,
				9EBD66C117C93B04002F41F7 /* CoreGraphics.framework in Frameworks */,
				4C16DAF176094212901A9774 /* libPods.a in Frameworks */,
			);
			runOnlyForDeploymentPostprocessing = 0;
		};
/* End PBXFrameworksBuildPhase section */

/* Begin PBXGroup section */
		9EBD66B017C93B04002F41F7 = {
			isa = PBXGroup;
			children = (
				A4BB09DF182FF82B0065A2A2 /* Icons */,
				9E12309217D12E8000D96ABC /* Icon@2x.png */,
				9EBD66C217C93B04002F41F7 /* Remembr */,
				9EBD66BB17C93B04002F41F7 /* Frameworks */,
				9EBD66BA17C93B04002F41F7 /* Products */,
				075DBE18F3A84C44878702D4 /* Pods.xcconfig */,
			);
			sourceTree = "<group>";
		};
		9EBD66BA17C93B04002F41F7 /* Products */ = {
			isa = PBXGroup;
			children = (
				9EBD66B917C93B04002F41F7 /* Remembr.app */,
			);
			name = Products;
			sourceTree = "<group>";
		};
		9EBD66BB17C93B04002F41F7 /* Frameworks */ = {
			isa = PBXGroup;
			children = (
				A4896B71182BFC7E00BB348A /* libz.dylib */,
				A4FBD147181C17BD0033AF17 /* QuartzCore.framework */,
				9EBD66BC17C93B04002F41F7 /* UIKit.framework */,
				9EBD66BE17C93B04002F41F7 /* Foundation.framework */,
				9EBD66C017C93B04002F41F7 /* CoreGraphics.framework */,
				CEBC1E0B2D464F46B1704D16 /* libPods.a */,
			);
			name = Frameworks;
			sourceTree = "<group>";
		};
		9EBD66C217C93B04002F41F7 /* Remembr */ = {
			isa = PBXGroup;
			children = (
				9EBD66CB17C93B04002F41F7 /* AppDelegate.h */,
				9EBD66CC17C93B04002F41F7 /* AppDelegate.m */,
				A4186FEC17F7ACB2009B0960 /* Stores */,
				A4186FEA17F7AC66009B0960 /* Classes */,
				A4186FEB17F7AC7C009B0960 /* Views */,
				A4186FE917F7AC1C009B0960 /* View Controllers */,
				9E12309017D12E6700D96ABC /* Icon@2x.png */,
				9EFB4C7B17C9B0D4005D02A1 /* logo.jpg */,
				9EBD66C317C93B04002F41F7 /* Supporting Files */,
			);
			path = Remembr;
			sourceTree = "<group>";
		};
		9EBD66C317C93B04002F41F7 /* Supporting Files */ = {
			isa = PBXGroup;
			children = (
				A4896B63182BF9AD00BB348A /* Group copy.png */,
				A4896B64182BF9AD00BB348A /* Group copy@2x.png */,
				A4BB09DD182FF21B0065A2A2 /* CameraGlyph.png */,
				A4A48D211820AFCF007B7D33 /* 32x32 */,
				9EBD66C417C93B04002F41F7 /* Remembr-Info.plist */,
				9EBD66C517C93B04002F41F7 /* InfoPlist.strings */,
				9EBD66C817C93B04002F41F7 /* main.m */,
				9EBD66CA17C93B04002F41F7 /* Remembr-Prefix.pch */,
				9EBD66CE17C93B04002F41F7 /* Default.png */,
				9EBD66D017C93B04002F41F7 /* Default@2x.png */,
				9EBD66D217C93B04002F41F7 /* Default-568h@2x.png */,
			);
			name = "Supporting Files";
			sourceTree = "<group>";
		};
		A4186FE917F7AC1C009B0960 /* View Controllers */ = {
			isa = PBXGroup;
			children = (
				9EFB4C7817C9A5A8005D02A1 /* CategoryViewController.h */,
				9EFB4C7917C9A5A8005D02A1 /* CategoryViewController.m */,
				9E0C715217CD4D5700098B17 /* ItemListViewController.h */,
				9E0C715317CD4D5700098B17 /* ItemListViewController.m */,
				9EBD66E417C93F6E002F41F7 /* AddCategoryViewController.h */,
				9EBD66E517C93F6E002F41F7 /* AddCategoryViewController.m */,
				9E0C715517CDA08200098B17 /* AddItemViewController.h */,
				9E0C715617CDA08200098B17 /* AddItemViewController.m */,
				A49593FB1819DA73005988F5 /* NewItemViewController.h */,
				A49593FC1819DA73005988F5 /* NewItemViewController.m */,
				9E15B7BF17CFC1200025AD8A /* EditItemViewController.h */,
				9E15B7C017CFC1200025AD8A /* EditItemViewController.m */,
				A4B128B617EFBEE800251312 /* EditCategoriesViewController.h */,
				A4B128B717EFBEE800251312 /* EditCategoriesViewController.m */,
				A490ABB517F065970062FBEA /* EditExistingCategoryViewController.h */,
				A490ABB617F065970062FBEA /* EditExistingCategoryViewController.m */,
			);
			name = "View Controllers";
			sourceTree = "<group>";
		};
		A4186FEA17F7AC66009B0960 /* Classes */ = {
			isa = PBXGroup;
			children = (
				9EBD66DE17C93CE6002F41F7 /* Category.h */,
				9EBD66DF17C93CE6002F41F7 /* Category.m */,
				9E0C714C17CD4A8300098B17 /* Item.h */,
				9E0C714D17CD4A8300098B17 /* Item.m */,
			);
			name = Classes;
			sourceTree = "<group>";
		};
		A4186FEB17F7AC7C009B0960 /* Views */ = {
			isa = PBXGroup;
			children = (
				9EBD66E917C945AC002F41F7 /* CustomCollectionViewCell.h */,
				9EBD66EA17C945AC002F41F7 /* CustomCollectionViewCell.m */,
				9E15B7B517CFB3C90025AD8A /* CustomTableViewCell.h */,
				9E15B7B617CFB3C90025AD8A /* CustomTableViewCell.m */,
				A4F6FF681800C1F9006D906B /* collectionViewCellCustom.h */,
				A4F6FF691800C1F9006D906B /* collectionViewCellCustom.m */,
				A4F6FF6B1800C217006D906B /* collectionViewCellCustom.xib */,
				A490ABB717F065970062FBEA /* EditExistingCategoryViewController.xib */,
				9E15B7C217CFC1420025AD8A /* EditItemViewController.xib */,
				9E15B7B817CFB3FE0025AD8A /* CustomTableViewCell.xib */,
				9E0C715717CDA08200098B17 /* AddItemViewController.xib */,
				9EBD66EC17C94B60002F41F7 /* CustomCollectionViewCell.xib */,
				9EBD66E617C93F6E002F41F7 /* AddCategoryViewController.xib */,
			);
			name = Views;
			sourceTree = "<group>";
		};
		A4186FEC17F7ACB2009B0960 /* Stores */ = {
			isa = PBXGroup;
			children = (
				A4BAB01317FF30ED006CD53E /* ItemStore.h */,
				A4BAB01417FF30ED006CD53E /* ItemStore.m */,
				9EBD66E117C93E54002F41F7 /* CategoryStore.h */,
				9EBD66E217C93E54002F41F7 /* CategoryStore.m */,
				A4566CFA17FF36DD00E44309 /* ImageStore.h */,
				A4566CFB17FF36DD00E44309 /* ImageStore.m */,
				A4F6FEC41800BA23006D906B /* collectionStore.h */,
				A4F6FEC51800BA23006D906B /* collectionStore.m */,
			);
			name = Stores;
			sourceTree = "<group>";
		};
		A4A48D211820AFCF007B7D33 /* 32x32 */ = {
			isa = PBXGroup;
			children = (
				A4A48CB61820AFCF007B7D33 /* 0.png */,
				A4A48CB71820AFCF007B7D33 /* 1.png */,
				A4A48CB81820AFCF007B7D33 /* 10.png */,
				A4A48CB91820AFCF007B7D33 /* 100.png */,
				A4A48CBA1820AFCF007B7D33 /* 101.png */,
				A4A48CBB1820AFCF007B7D33 /* 102.png */,
				A4A48CBC1820AFCF007B7D33 /* 103.png */,
				A4A48CBD1820AFCF007B7D33 /* 104.png */,
				A4A48CBE1820AFCF007B7D33 /* 105.png */,
				A4A48CBF1820AFCF007B7D33 /* 106.png */,
				A4A48CC01820AFCF007B7D33 /* 11.png */,
				A4A48CC11820AFCF007B7D33 /* 12.png */,
				A4A48CC21820AFCF007B7D33 /* 13.png */,
				A4A48CC31820AFCF007B7D33 /* 14.png */,
				A4A48CC41820AFCF007B7D33 /* 15.png */,
				A4A48CC51820AFCF007B7D33 /* 16.png */,
				A4A48CC61820AFCF007B7D33 /* 17.png */,
				A4A48CC71820AFCF007B7D33 /* 18.png */,
				A4A48CC81820AFCF007B7D33 /* 19.png */,
				A4A48CC91820AFCF007B7D33 /* 2.png */,
				A4A48CCA1820AFCF007B7D33 /* 20.png */,
				A4A48CCB1820AFCF007B7D33 /* 21.png */,
				A4A48CCC1820AFCF007B7D33 /* 22.png */,
				A4A48CCD1820AFCF007B7D33 /* 23.png */,
				A4A48CCE1820AFCF007B7D33 /* 24.png */,
				A4A48CCF1820AFCF007B7D33 /* 25.png */,
				A4A48CD01820AFCF007B7D33 /* 26.png */,
				A4A48CD11820AFCF007B7D33 /* 27.png */,
				A4A48CD21820AFCF007B7D33 /* 28.png */,
				A4A48CD31820AFCF007B7D33 /* 29.png */,
				A4A48CD41820AFCF007B7D33 /* 3.png */,
				A4A48CD51820AFCF007B7D33 /* 30.png */,
				A4A48CD61820AFCF007B7D33 /* 31.png */,
				A4A48CD71820AFCF007B7D33 /* 32.png */,
				A4A48CD81820AFCF007B7D33 /* 33.png */,
				A4A48CD91820AFCF007B7D33 /* 34.png */,
				A4A48CDA1820AFCF007B7D33 /* 35.png */,
				A4A48CDB1820AFCF007B7D33 /* 36.png */,
				A4A48CDC1820AFCF007B7D33 /* 37.png */,
				A4A48CDD1820AFCF007B7D33 /* 38.png */,
				A4A48CDE1820AFCF007B7D33 /* 39.png */,
				A4A48CDF1820AFCF007B7D33 /* 4.png */,
				A4A48CE01820AFCF007B7D33 /* 40.png */,
				A4A48CE11820AFCF007B7D33 /* 41.png */,
				A4A48CE21820AFCF007B7D33 /* 42.png */,
				A4A48CE31820AFCF007B7D33 /* 43.png */,
				A4A48CE41820AFCF007B7D33 /* 44.png */,
				A4A48CE51820AFCF007B7D33 /* 45.png */,
				A4A48CE61820AFCF007B7D33 /* 46.png */,
				A4A48CE71820AFCF007B7D33 /* 47.png */,
				A4A48CE81820AFCF007B7D33 /* 48.png */,
				A4A48CE91820AFCF007B7D33 /* 49.png */,
				A4A48CEA1820AFCF007B7D33 /* 5.png */,
				A4A48CEB1820AFCF007B7D33 /* 50.png */,
				A4A48CEC1820AFCF007B7D33 /* 51.png */,
				A4A48CED1820AFCF007B7D33 /* 52.png */,
				A4A48CEE1820AFCF007B7D33 /* 53.png */,
				A4A48CEF1820AFCF007B7D33 /* 54.png */,
				A4A48CF01820AFCF007B7D33 /* 55.png */,
				A4A48CF11820AFCF007B7D33 /* 56.png */,
				A4A48CF21820AFCF007B7D33 /* 57.png */,
				A4A48CF31820AFCF007B7D33 /* 58.png */,
				A4A48CF41820AFCF007B7D33 /* 59.png */,
				A4A48CF51820AFCF007B7D33 /* 6.png */,
				A4A48CF61820AFCF007B7D33 /* 60.png */,
				A4A48CF71820AFCF007B7D33 /* 61.png */,
				A4A48CF81820AFCF007B7D33 /* 62.png */,
				A4A48CF91820AFCF007B7D33 /* 63.png */,
				A4A48CFA1820AFCF007B7D33 /* 64.png */,
				A4A48CFB1820AFCF007B7D33 /* 65.png */,
				A4A48CFC1820AFCF007B7D33 /* 66.png */,
				A4A48CFD1820AFCF007B7D33 /* 67.png */,
				A4A48CFE1820AFCF007B7D33 /* 68.png */,
				A4A48CFF1820AFCF007B7D33 /* 69.png */,
				A4A48D001820AFCF007B7D33 /* 7.png */,
				A4A48D011820AFCF007B7D33 /* 70.png */,
				A4A48D021820AFCF007B7D33 /* 71.png */,
				A4A48D031820AFCF007B7D33 /* 72.png */,
				A4A48D041820AFCF007B7D33 /* 73.png */,
				A4A48D051820AFCF007B7D33 /* 74.png */,
				A4A48D061820AFCF007B7D33 /* 75.png */,
				A4A48D071820AFCF007B7D33 /* 76.png */,
				A4A48D081820AFCF007B7D33 /* 77.png */,
				A4A48D091820AFCF007B7D33 /* 78.png */,
				A4A48D0A1820AFCF007B7D33 /* 79.png */,
				A4A48D0B1820AFCF007B7D33 /* 8.png */,
				A4A48D0C1820AFCF007B7D33 /* 80.png */,
				A4A48D0D1820AFCF007B7D33 /* 81.png */,
				A4A48D0E1820AFCF007B7D33 /* 82.png */,
				A4A48D0F1820AFCF007B7D33 /* 83.png */,
				A4A48D101820AFCF007B7D33 /* 84.png */,
				A4A48D111820AFCF007B7D33 /* 85.png */,
				A4A48D121820AFCF007B7D33 /* 86.png */,
				A4A48D131820AFCF007B7D33 /* 87.png */,
				A4A48D141820AFCF007B7D33 /* 88.png */,
				A4A48D151820AFCF007B7D33 /* 89.png */,
				A4A48D161820AFCF007B7D33 /* 9.png */,
				A4A48D171820AFCF007B7D33 /* 90.png */,
				A4A48D181820AFCF007B7D33 /* 91.png */,
				A4A48D191820AFCF007B7D33 /* 92.png */,
				A4A48D1A1820AFCF007B7D33 /* 93.png */,
				A4A48D1B1820AFCF007B7D33 /* 94.png */,
				A4A48D1C1820AFCF007B7D33 /* 95.png */,
				A4A48D1D1820AFCF007B7D33 /* 96.png */,
				A4A48D1E1820AFCF007B7D33 /* 97.png */,
				A4A48D1F1820AFCF007B7D33 /* 98.png */,
				A4A48D201820AFCF007B7D33 /* 99.png */,
			);
			path = 32x32;
			sourceTree = "<group>";
		};
		A4BB09DF182FF82B0065A2A2 /* Icons */ = {
			isa = PBXGroup;
			children = (
				A4BB09E0182FF82B0065A2A2 /* Group copy.png */,
				A4BB09E1182FF82B0065A2A2 /* Group copy@2x.png */,
				A4BB09E2182FF82B0065A2A2 /* iOS-7-Vector-Icon.sketch */,
				A4BB09E9182FF82B0065A2A2 /* Remember Icon - v0.1.png */,
			);
			path = Icons;
			sourceTree = "<group>";
		};
		A4BB09E2182FF82B0065A2A2 /* iOS-7-Vector-Icon.sketch */ = {
			isa = PBXGroup;
			children = (
				A4BB09E3182FF82B0065A2A2 /* Data */,
				A4BB09E4182FF82B0065A2A2 /* fonts */,
				A4BB09E5182FF82B0065A2A2 /* QuickLook */,
				A4BB09E8182FF82B0065A2A2 /* version */,
			);
			path = "iOS-7-Vector-Icon.sketch";
			sourceTree = "<group>";
		};
		A4BB09E5182FF82B0065A2A2 /* QuickLook */ = {
			isa = PBXGroup;
			children = (
				A4BB09E6182FF82B0065A2A2 /* Preview.png */,
				A4BB09E7182FF82B0065A2A2 /* Thumbnail.png */,
			);
			path = QuickLook;
			sourceTree = "<group>";
		};
/* End PBXGroup section */

/* Begin PBXNativeTarget section */
		9EBD66B817C93B04002F41F7 /* Remembr */ = {
			isa = PBXNativeTarget;
			buildConfigurationList = 9EBD66D617C93B04002F41F7 /* Build configuration list for PBXNativeTarget "Remembr" */;
			buildPhases = (
				1E9FBDA3673B408F83846D87 /* Check Pods Manifest.lock */,
				9EBD66B517C93B04002F41F7 /* Sources */,
				9EBD66B617C93B04002F41F7 /* Frameworks */,
				9EBD66B717C93B04002F41F7 /* Resources */,
				8964615BCA9B4636B9DD3C69 /* Copy Pods Resources */,
			);
			buildRules = (
			);
			dependencies = (
			);
			name = Remembr;
			productName = Remembr;
			productReference = 9EBD66B917C93B04002F41F7 /* Remembr.app */;
			productType = "com.apple.product-type.application";
		};
/* End PBXNativeTarget section */

/* Begin PBXProject section */
		9EBD66B117C93B04002F41F7 /* Project object */ = {
			isa = PBXProject;
			attributes = {
				LastUpgradeCheck = 0460;
				ORGANIZATIONNAME = "Karan Thukral";
				TargetAttributes = {
					9EBD66B817C93B04002F41F7 = {
						DevelopmentTeam = CK57PGK62G;
					};
				};
			};
			buildConfigurationList = 9EBD66B417C93B04002F41F7 /* Build configuration list for PBXProject "Remembr" */;
			compatibilityVersion = "Xcode 3.2";
			developmentRegion = English;
			hasScannedForEncodings = 0;
			knownRegions = (
				en,
			);
			mainGroup = 9EBD66B017C93B04002F41F7;
			productRefGroup = 9EBD66BA17C93B04002F41F7 /* Products */;
			projectDirPath = "";
			projectRoot = "";
			targets = (
				9EBD66B817C93B04002F41F7 /* Remembr */,
			);
		};
/* End PBXProject section */

/* Begin PBXResourcesBuildPhase section */
		9EBD66B717C93B04002F41F7 /* Resources */ = {
			isa = PBXResourcesBuildPhase;
			buildActionMask = 2147483647;
			files = (
				A4A48D871820AFCF007B7D33 /* 94.png in Resources */,
				A4A48D571820AFCF007B7D33 /* 50.png in Resources */,
				A4A48D281820AFCF007B7D33 /* 103.png in Resources */,
				A4A48D321820AFCF007B7D33 /* 17.png in Resources */,
				A4A48D221820AFCF007B7D33 /* 0.png in Resources */,
				A4A48D441820AFCF007B7D33 /* 33.png in Resources */,
				A4A48D861820AFCF007B7D33 /* 93.png in Resources */,
				A4A48D5E1820AFCF007B7D33 /* 57.png in Resources */,
				9EBD66CF17C93B04002F41F7 /* Default.png in Resources */,
				A4A48D4F1820AFCF007B7D33 /* 43.png in Resources */,
				A4A48D291820AFCF007B7D33 /* 104.png in Resources */,
				A4A48D6F1820AFCF007B7D33 /* 72.png in Resources */,
				A4A48D501820AFCF007B7D33 /* 44.png in Resources */,
				A4BB09F0182FF82B0065A2A2 /* version in Resources */,
				A4A48D6B1820AFCF007B7D33 /* 69.png in Resources */,
				A4A48D391820AFCF007B7D33 /* 23.png in Resources */,
				A4A48D691820AFCF007B7D33 /* 67.png in Resources */,
				A4A48D3F1820AFCF007B7D33 /* 29.png in Resources */,
				A4A48D7A1820AFCF007B7D33 /* 82.png in Resources */,
				A4A48D341820AFCF007B7D33 /* 19.png in Resources */,
				A4A48D5F1820AFCF007B7D33 /* 58.png in Resources */,
				A4A48D721820AFCF007B7D33 /* 75.png in Resources */,
				9EBD66D117C93B04002F41F7 /* Default@2x.png in Resources */,
				A4A48D851820AFCF007B7D33 /* 92.png in Resources */,
				A4BB09DE182FF21B0065A2A2 /* CameraGlyph.png in Resources */,
				A4A48D421820AFCF007B7D33 /* 31.png in Resources */,
				A4BB09EB182FF82B0065A2A2 /* Group copy@2x.png in Resources */,
				A4A48D821820AFCF007B7D33 /* 9.png in Resources */,
				A4A48D561820AFCF007B7D33 /* 5.png in Resources */,
				A4A48D2E1820AFCF007B7D33 /* 13.png in Resources */,
				A4A48D531820AFCF007B7D33 /* 47.png in Resources */,
				A4A48D841820AFCF007B7D33 /* 91.png in Resources */,
				A4A48D351820AFCF007B7D33 /* 2.png in Resources */,
				A4A48D4A1820AFCF007B7D33 /* 39.png in Resources */,
				9EBD66D317C93B04002F41F7 /* Default-568h@2x.png in Resources */,
				9EBD66E817C93F6E002F41F7 /* AddCategoryViewController.xib in Resources */,
				A4A48D621820AFCF007B7D33 /* 60.png in Resources */,
				A4BB09ED182FF82B0065A2A2 /* fonts in Resources */,
				A4A48D481820AFCF007B7D33 /* 37.png in Resources */,
				A4A48D4C1820AFCF007B7D33 /* 40.png in Resources */,
				A4A48D231820AFCF007B7D33 /* 1.png in Resources */,
				A4A48D251820AFCF007B7D33 /* 100.png in Resources */,
				A4BB09F1182FF82B0065A2A2 /* Remember Icon - v0.1.png in Resources */,
				A4A48D731820AFCF007B7D33 /* 76.png in Resources */,
				A4A48D631820AFCF007B7D33 /* 61.png in Resources */,
				A4A48D461820AFCF007B7D33 /* 35.png in Resources */,
				A4A48D3B1820AFCF007B7D33 /* 25.png in Resources */,
				A4A48D801820AFCF007B7D33 /* 88.png in Resources */,
				A4A48D2F1820AFCF007B7D33 /* 14.png in Resources */,
				A4A48D701820AFCF007B7D33 /* 73.png in Resources */,
				A4A48D7E1820AFCF007B7D33 /* 86.png in Resources */,
				9EBD66ED17C94B60002F41F7 /* CustomCollectionViewCell.xib in Resources */,
				A4A48D581820AFCF007B7D33 /* 51.png in Resources */,
				A4A48D7D1820AFCF007B7D33 /* 85.png in Resources */,
				A4A48D7C1820AFCF007B7D33 /* 84.png in Resources */,
				A4A48D6A1820AFCF007B7D33 /* 68.png in Resources */,
				A4A48D761820AFCF007B7D33 /* 79.png in Resources */,
				A4A48D711820AFCF007B7D33 /* 74.png in Resources */,
				9E0C715917CDA08200098B17 /* AddItemViewController.xib in Resources */,
				A4A48D661820AFCF007B7D33 /* 64.png in Resources */,
				A4A48D491820AFCF007B7D33 /* 38.png in Resources */,
				A4A48D7F1820AFCF007B7D33 /* 87.png in Resources */,
				A4A48D431820AFCF007B7D33 /* 32.png in Resources */,
				A4A48D671820AFCF007B7D33 /* 65.png in Resources */,
				A4A48D8C1820AFCF007B7D33 /* 99.png in Resources */,
				A4A48D301820AFCF007B7D33 /* 15.png in Resources */,
				A4A48D2C1820AFCF007B7D33 /* 11.png in Resources */,
				A4A48D241820AFCF007B7D33 /* 10.png in Resources */,
				A4A48D6C1820AFCF007B7D33 /* 7.png in Resources */,
				A4BB09EC182FF82B0065A2A2 /* Data in Resources */,
				A4A48D4D1820AFCF007B7D33 /* 41.png in Resources */,
				A4A48D5A1820AFCF007B7D33 /* 53.png in Resources */,
				A4A48D8B1820AFCF007B7D33 /* 98.png in Resources */,
				A4A48D511820AFCF007B7D33 /* 45.png in Resources */,
				A4A48D6E1820AFCF007B7D33 /* 71.png in Resources */,
				A4A48D7B1820AFCF007B7D33 /* 83.png in Resources */,
				A4BB09EF182FF82B0065A2A2 /* Thumbnail.png in Resources */,
				9E15B7B917CFB3FE0025AD8A /* CustomTableViewCell.xib in Resources */,
				A4A48D771820AFCF007B7D33 /* 8.png in Resources */,
				A4A48D891820AFCF007B7D33 /* 96.png in Resources */,
				A4A48D521820AFCF007B7D33 /* 46.png in Resources */,
				A4A48D791820AFCF007B7D33 /* 81.png in Resources */,
				A4A48D681820AFCF007B7D33 /* 66.png in Resources */,
				A4BB09EE182FF82B0065A2A2 /* Preview.png in Resources */,
				A4A48D601820AFCF007B7D33 /* 59.png in Resources */,
				A490ABB917F065970062FBEA /* EditExistingCategoryViewController.xib in Resources */,
				A4A48D651820AFCF007B7D33 /* 63.png in Resources */,
				A4A48D261820AFCF007B7D33 /* 101.png in Resources */,
				A4A48D3A1820AFCF007B7D33 /* 24.png in Resources */,
				A4A48D411820AFCF007B7D33 /* 30.png in Resources */,
				A4A48D5C1820AFCF007B7D33 /* 55.png in Resources */,
				A4A48D3C1820AFCF007B7D33 /* 26.png in Resources */,
				A4BB09EA182FF82B0065A2A2 /* Group copy.png in Resources */,
				A4A48D591820AFCF007B7D33 /* 52.png in Resources */,
				A4A48D3D1820AFCF007B7D33 /* 27.png in Resources */,
				A4A48D2B1820AFCF007B7D33 /* 106.png in Resources */,
				A4A48D781820AFCF007B7D33 /* 80.png in Resources */,
				A4F6FF6C1800C217006D906B /* collectionViewCellCustom.xib in Resources */,
				A4A48D751820AFCF007B7D33 /* 78.png in Resources */,
				A4A48D2A1820AFCF007B7D33 /* 105.png in Resources */,
				A4A48D2D1820AFCF007B7D33 /* 12.png in Resources */,
				A4A48D5D1820AFCF007B7D33 /* 56.png in Resources */,
				A4A48D471820AFCF007B7D33 /* 36.png in Resources */,
				A4896B66182BF9AD00BB348A /* Group copy@2x.png in Resources */,
				A4A48D831820AFCF007B7D33 /* 90.png in Resources */,
				9E15B7C317CFC1420025AD8A /* EditItemViewController.xib in Resources */,
				A4A48D401820AFCF007B7D33 /* 3.png in Resources */,
				A4A48D811820AFCF007B7D33 /* 89.png in Resources */,
				A4A48D361820AFCF007B7D33 /* 20.png in Resources */,
				A4A48D5B1820AFCF007B7D33 /* 54.png in Resources */,
				A4A48D541820AFCF007B7D33 /* 48.png in Resources */,
				A4A48D641820AFCF007B7D33 /* 62.png in Resources */,
				A4A48D6D1820AFCF007B7D33 /* 70.png in Resources */,
				9E12309117D12E6700D96ABC /* Icon@2x.png in Resources */,
				A4A48D271820AFCF007B7D33 /* 102.png in Resources */,
				A4A48D741820AFCF007B7D33 /* 77.png in Resources */,
				A4A48D3E1820AFCF007B7D33 /* 28.png in Resources */,
				A4A48D331820AFCF007B7D33 /* 18.png in Resources */,
				A4A48D311820AFCF007B7D33 /* 16.png in Resources */,
				A4A48D371820AFCF007B7D33 /* 21.png in Resources */,
				A4A48D881820AFCF007B7D33 /* 95.png in Resources */,
				A4A48D8A1820AFCF007B7D33 /* 97.png in Resources */,
				A4A48D611820AFCF007B7D33 /* 6.png in Resources */,
				A4A48D451820AFCF007B7D33 /* 34.png in Resources */,
				A4A48D4B1820AFCF007B7D33 /* 4.png in Resources */,
				A4896B65182BF9AD00BB348A /* Group copy.png in Resources */,
				A4A48D381820AFCF007B7D33 /* 22.png in Resources */,
				A4A48D4E1820AFCF007B7D33 /* 42.png in Resources */,
				A4A48D551820AFCF007B7D33 /* 49.png in Resources */,
			);
			runOnlyForDeploymentPostprocessing = 0;
		};
/* End PBXResourcesBuildPhase section */

/* Begin PBXShellScriptBuildPhase section */
		1E9FBDA3673B408F83846D87 /* Check Pods Manifest.lock */ = {
			isa = PBXShellScriptBuildPhase;
			buildActionMask = 2147483647;
			files = (
			);
			inputPaths = (
			);
			name = "Check Pods Manifest.lock";
			outputPaths = (
			);
			runOnlyForDeploymentPostprocessing = 0;
			shellPath = /bin/sh;
			shellScript = "diff \"${PODS_ROOT}/../Podfile.lock\" \"${PODS_ROOT}/Manifest.lock\" > /dev/null\nif [[ $? != 0 ]] ; then\n    cat << EOM\nerror: The sandbox is not in sync with the Podfile.lock. Run 'pod install' or update your CocoaPods installation.\nEOM\n    exit 1\nfi\n";
			showEnvVarsInLog = 0;
		};
		8964615BCA9B4636B9DD3C69 /* Copy Pods Resources */ = {
			isa = PBXShellScriptBuildPhase;
			buildActionMask = 2147483647;
			files = (
			);
			inputPaths = (
			);
			name = "Copy Pods Resources";
			outputPaths = (
			);
			runOnlyForDeploymentPostprocessing = 0;
			shellPath = /bin/sh;
			shellScript = "\"${SRCROOT}/Pods/Pods-resources.sh\"\n";
			showEnvVarsInLog = 0;
		};
/* End PBXShellScriptBuildPhase section */

/* Begin PBXSourcesBuildPhase section */
		9EBD66B517C93B04002F41F7 /* Sources */ = {
			isa = PBXSourcesBuildPhase;
			buildActionMask = 2147483647;
			files = (
				9EBD66C917C93B04002F41F7 /* main.m in Sources */,
				A4B128B817EFBEE800251312 /* EditCategoriesViewController.m in Sources */,
				9EBD66CD17C93B04002F41F7 /* AppDelegate.m in Sources */,
				A4566CFC17FF36DD00E44309 /* ImageStore.m in Sources */,
				A4BAB01517FF30ED006CD53E /* ItemStore.m in Sources */,
				A4F6FF6A1800C1F9006D906B /* collectionViewCellCustom.m in Sources */,
				9EBD66E017C93CE6002F41F7 /* Category.m in Sources */,
				9EBD66E317C93E54002F41F7 /* CategoryStore.m in Sources */,
				9EBD66E717C93F6E002F41F7 /* AddCategoryViewController.m in Sources */,
				9EBD66EB17C945AC002F41F7 /* CustomCollectionViewCell.m in Sources */,
				9EFB4C7A17C9A5A8005D02A1 /* CategoryViewController.m in Sources */,
				9E0C714E17CD4A8300098B17 /* Item.m in Sources */,
				9E0C715417CD4D5700098B17 /* ItemListViewController.m in Sources */,
				9E0C715817CDA08200098B17 /* AddItemViewController.m in Sources */,
				9E15B7B717CFB3C90025AD8A /* CustomTableViewCell.m in Sources */,
				A490ABB817F065970062FBEA /* EditExistingCategoryViewController.m in Sources */,
				A49593FD1819DA73005988F5 /* NewItemViewController.m in Sources */,
				9E15B7C117CFC1200025AD8A /* EditItemViewController.m in Sources */,
				A4F6FEC61800BA23006D906B /* collectionStore.m in Sources */,
			);
			runOnlyForDeploymentPostprocessing = 0;
		};
/* End PBXSourcesBuildPhase section */

/* Begin PBXVariantGroup section */
		9EBD66C517C93B04002F41F7 /* InfoPlist.strings */ = {
			isa = PBXVariantGroup;
			children = (
				9EBD66C617C93B04002F41F7 /* en */,
			);
			name = InfoPlist.strings;
			sourceTree = "<group>";
		};
/* End PBXVariantGroup section */

/* Begin XCBuildConfiguration section */
		9EBD66D417C93B04002F41F7 /* Debug */ = {
			isa = XCBuildConfiguration;
			buildSettings = {
				ALWAYS_SEARCH_USER_PATHS = NO;
				CLANG_CXX_LANGUAGE_STANDARD = "gnu++0x";
				CLANG_CXX_LIBRARY = "libc++";
				CLANG_ENABLE_OBJC_ARC = YES;
				CLANG_WARN_CONSTANT_CONVERSION = YES;
				CLANG_WARN_EMPTY_BODY = YES;
				CLANG_WARN_ENUM_CONVERSION = YES;
				CLANG_WARN_INT_CONVERSION = YES;
				CLANG_WARN__DUPLICATE_METHOD_MATCH = YES;
				"CODE_SIGN_IDENTITY[sdk=iphoneos*]" = "iPhone Developer";
				COPY_PHASE_STRIP = NO;
				GCC_C_LANGUAGE_STANDARD = gnu99;
				GCC_DYNAMIC_NO_PIC = NO;
				GCC_OPTIMIZATION_LEVEL = 0;
				GCC_PREPROCESSOR_DEFINITIONS = (
					"DEBUG=1",
					"$(inherited)",
				);
				GCC_SYMBOLS_PRIVATE_EXTERN = NO;
				GCC_WARN_ABOUT_RETURN_TYPE = YES;
				GCC_WARN_UNINITIALIZED_AUTOS = YES;
				GCC_WARN_UNUSED_VARIABLE = YES;
				IPHONEOS_DEPLOYMENT_TARGET = 6.1;
				ONLY_ACTIVE_ARCH = YES;
				SDKROOT = iphoneos;
			};
			name = Debug;
		};
		9EBD66D517C93B04002F41F7 /* Release */ = {
			isa = XCBuildConfiguration;
			buildSettings = {
				ALWAYS_SEARCH_USER_PATHS = NO;
				CLANG_CXX_LANGUAGE_STANDARD = "gnu++0x";
				CLANG_CXX_LIBRARY = "libc++";
				CLANG_ENABLE_OBJC_ARC = YES;
				CLANG_WARN_CONSTANT_CONVERSION = YES;
				CLANG_WARN_EMPTY_BODY = YES;
				CLANG_WARN_ENUM_CONVERSION = YES;
				CLANG_WARN_INT_CONVERSION = YES;
				CLANG_WARN__DUPLICATE_METHOD_MATCH = YES;
				"CODE_SIGN_IDENTITY[sdk=iphoneos*]" = "iPhone Developer";
				COPY_PHASE_STRIP = YES;
				GCC_C_LANGUAGE_STANDARD = gnu99;
				GCC_WARN_ABOUT_RETURN_TYPE = YES;
				GCC_WARN_UNINITIALIZED_AUTOS = YES;
				GCC_WARN_UNUSED_VARIABLE = YES;
				IPHONEOS_DEPLOYMENT_TARGET = 6.1;
				OTHER_CFLAGS = "-DNS_BLOCK_ASSERTIONS=1";
				SDKROOT = iphoneos;
				VALIDATE_PRODUCT = YES;
			};
			name = Release;
		};
		9EBD66D717C93B04002F41F7 /* Debug */ = {
			isa = XCBuildConfiguration;
			baseConfigurationReference = 075DBE18F3A84C44878702D4 /* Pods.xcconfig */;
			buildSettings = {
				CODE_SIGN_IDENTITY = "iPhone Developer";
				"CODE_SIGN_IDENTITY[sdk=iphoneos*]" = "iPhone Developer";
				GCC_PRECOMPILE_PREFIX_HEADER = YES;
				GCC_PREFIX_HEADER = "Remembr/Remembr-Prefix.pch";
				INFOPLIST_FILE = "Remembr/Remembr-Info.plist";
				IPHONEOS_DEPLOYMENT_TARGET = 7.0;
				PRODUCT_NAME = "$(TARGET_NAME)";
				PROVISIONING_PROFILE = "";
				WRAPPER_EXTENSION = app;
			};
			name = Debug;
		};
		9EBD66D817C93B04002F41F7 /* Release */ = {
			isa = XCBuildConfiguration;
			baseConfigurationReference = 075DBE18F3A84C44878702D4 /* Pods.xcconfig */;
			buildSettings = {
				CODE_SIGN_IDENTITY = "iPhone Developer";
				"CODE_SIGN_IDENTITY[sdk=iphoneos*]" = "iPhone Developer";
				GCC_PRECOMPILE_PREFIX_HEADER = YES;
				GCC_PREFIX_HEADER = "Remembr/Remembr-Prefix.pch";
				INFOPLIST_FILE = "Remembr/Remembr-Info.plist";
				IPHONEOS_DEPLOYMENT_TARGET = 7.0;
				PRODUCT_NAME = "$(TARGET_NAME)";
				PROVISIONING_PROFILE = "";
				WRAPPER_EXTENSION = app;
			};
			name = Release;
		};
/* End XCBuildConfiguration section */

/* Begin XCConfigurationList section */
		9EBD66B417C93B04002F41F7 /* Build configuration list for PBXProject "Remembr" */ = {
			isa = XCConfigurationList;
			buildConfigurations = (
				9EBD66D417C93B04002F41F7 /* Debug */,
				9EBD66D517C93B04002F41F7 /* Release */,
			);
			defaultConfigurationIsVisible = 0;
			defaultConfigurationName = Release;
		};
		9EBD66D617C93B04002F41F7 /* Build configuration list for PBXNativeTarget "Remembr" */ = {
			isa = XCConfigurationList;
			buildConfigurations = (
				9EBD66D717C93B04002F41F7 /* Debug */,
				9EBD66D817C93B04002F41F7 /* Release */,
			);
			defaultConfigurationIsVisible = 0;
			defaultConfigurationName = Release;
		};
/* End XCConfigurationList section */
	};
	rootObject = 9EBD66B117C93B04002F41F7 /* Project object */;
}
